// !$*UTF8*$!
{
	archiveVersion = 1;
	classes = {
	};
	objectVersion = 46;
	objects = {

/* Begin PBXBuildFile section */
		4509175A23D030130028AF83 /* DarkModeCheck.m in Sources */ = {isa = PBXBuildFile; fileRef = 4509175923D030130028AF83 /* DarkModeCheck.m */; };
		45C2B2232460296200C84374 /* csv.css in Resources */ = {isa = PBXBuildFile; fileRef = 45C2B2212460296200C84374 /* csv.css */; };
		62E09F1B19E693F3002917FE /* Images.xcassets in Resources */ = {isa = PBXBuildFile; fileRef = 62E09F1A19E693F3002917FE /* Images.xcassets */; };
		6D81575414CB3C2B005E8F3F /* KKKeychain.m in Sources */ = {isa = PBXBuildFile; fileRef = 6D81574914CB3C2B005E8F3F /* KKKeychain.m */; };
		6D81575514CB3C2B005E8F3F /* KKPasscodeLock.m in Sources */ = {isa = PBXBuildFile; fileRef = 6D81574B14CB3C2B005E8F3F /* KKPasscodeLock.m */; };
		6D81575614CB3C2B005E8F3F /* KKPasscodeSettingsViewController.m in Sources */ = {isa = PBXBuildFile; fileRef = 6D81574D14CB3C2B005E8F3F /* KKPasscodeSettingsViewController.m */; };
		6D81575714CB3C2B005E8F3F /* KKPasscodeViewController.m in Sources */ = {isa = PBXBuildFile; fileRef = 6D81574F14CB3C2B005E8F3F /* KKPasscodeViewController.m */; };
		6D81576514CB44BE005E8F3F /* passcode_square_empty.png in Resources */ = {isa = PBXBuildFile; fileRef = 6D81576114CB44BE005E8F3F /* passcode_square_empty.png */; };
		6D81576614CB44BE005E8F3F /* passcode_square_empty@2x.png in Resources */ = {isa = PBXBuildFile; fileRef = 6D81576214CB44BE005E8F3F /* passcode_square_empty@2x.png */; };
		6D81576714CB44BE005E8F3F /* passcode_square_filled.png in Resources */ = {isa = PBXBuildFile; fileRef = 6D81576314CB44BE005E8F3F /* passcode_square_filled.png */; };
		6D81576814CB44BE005E8F3F /* passcode_square_filled@2x.png in Resources */ = {isa = PBXBuildFile; fileRef = 6D81576414CB44BE005E8F3F /* passcode_square_filled@2x.png */; };
		7F06B6BF13BF73C8004DB170 /* Report.m in Sources */ = {isa = PBXBuildFile; fileRef = 7F06B6BE13BF73C8004DB170 /* Report.m */; };
		7F0B8A6913F77F95006E9151 /* PromoCodeOperation.m in Sources */ = {isa = PBXBuildFile; fileRef = 7F0B8A6813F77F95006E9151 /* PromoCodeOperation.m */; };
		7F0B8A6E13F7B941006E9151 /* PromoCode.m in Sources */ = {isa = PBXBuildFile; fileRef = 7F0B8A6D13F7B941006E9151 /* PromoCode.m */; };
		7F0B8A7313F7E647006E9151 /* PromoCodesLicenseViewController.m in Sources */ = {isa = PBXBuildFile; fileRef = 7F0B8A7213F7E647006E9151 /* PromoCodesLicenseViewController.m */; };
		7F0BF5DA13D3317D0063A6B0 /* ShadowTop.png in Resources */ = {isa = PBXBuildFile; fileRef = 7F0BF5D813D3317D0063A6B0 /* ShadowTop.png */; };
		7F0BF5DB13D3317D0063A6B0 /* ShadowBottom.png in Resources */ = {isa = PBXBuildFile; fileRef = 7F0BF5D913D3317D0063A6B0 /* ShadowBottom.png */; };
		7F137EB313DDDABF004655D8 /* CountryDictionary.m in Sources */ = {isa = PBXBuildFile; fileRef = 7F137EB213DDDABF004655D8 /* CountryDictionary.m */; };
		7F1499CA13BE15F500D89064 /* NSData+Compression.m in Sources */ = {isa = PBXBuildFile; fileRef = 7F1499C913BE15F500D89064 /* NSData+Compression.m */; };
		7F1499D013BE311600D89064 /* ReportDownloadOperation.m in Sources */ = {isa = PBXBuildFile; fileRef = 7F1499CF13BE311600D89064 /* ReportDownloadOperation.m */; };
		7F1499E113BE544F00D89064 /* ReportDownloadCoordinator.m in Sources */ = {isa = PBXBuildFile; fileRef = 7F1499E013BE544F00D89064 /* ReportDownloadCoordinator.m */; };
		7F1B14F313C51ACA00243AA3 /* CurrencyManager.m in Sources */ = {isa = PBXBuildFile; fileRef = 7F1B14F213C51AC900243AA3 /* CurrencyManager.m */; };
		7F1B153713C8029700243AA3 /* ReportImportOperation.m in Sources */ = {isa = PBXBuildFile; fileRef = 7F1B153613C8029600243AA3 /* ReportImportOperation.m */; };
		7F24E70713E40A0D0056EA97 /* DashboardViewController.m in Sources */ = {isa = PBXBuildFile; fileRef = 7F24E70613E40A0D0056EA97 /* DashboardViewController.m */; };
		7F26689714055D2200FD2CC5 /* AccountsViewController+ButtonActions.m in Sources */ = {isa = PBXBuildFile; fileRef = 7F26689614055D2200FD2CC5 /* AccountsViewController+ButtonActions.m */; };
		7F26DF9113E13319001D0F33 /* ReviewDetailViewController.m in Sources */ = {isa = PBXBuildFile; fileRef = 7F26DF9013E13319001D0F33 /* ReviewDetailViewController.m */; };
		7F26DF9413E1358B001D0F33 /* ReviewTemplate.html in Resources */ = {isa = PBXBuildFile; fileRef = 7F26DF9313E1358B001D0F33 /* ReviewTemplate.html */; };
		7F2946EE13D880260023F530 /* ReportDetailViewController.m in Sources */ = {isa = PBXBuildFile; fileRef = 7F2946ED13D880260023F530 /* ReportDetailViewController.m */; };
		7F2946F113D8806F0023F530 /* MapView.m in Sources */ = {isa = PBXBuildFile; fileRef = 7F2946F013D8806E0023F530 /* MapView.m */; };
		7F3796CC13F8245800FA6E49 /* MessageUI.framework in Frameworks */ = {isa = PBXBuildFile; fileRef = 7F3796C913F8244000FA6E49 /* MessageUI.framework */; };
		7F3796CD13F8246200FA6E49 /* libz.dylib in Frameworks */ = {isa = PBXBuildFile; fileRef = 7F1499CC13BE172300D89064 /* libz.dylib */; };
		7F398ED213DF21F2004BEC44 /* Transaction.m in Sources */ = {isa = PBXBuildFile; fileRef = 7F398ED113DF21F2004BEC44 /* Transaction.m */; };
		7F398ED513DF570E004BEC44 /* ReportDetailEntry.m in Sources */ = {isa = PBXBuildFile; fileRef = 7F398ED413DF570D004BEC44 /* ReportDetailEntry.m */; };
		7F4065CA13DD379B006148AA /* ReportDetailEntryCell.m in Sources */ = {isa = PBXBuildFile; fileRef = 7F4065C913DD379B006148AA /* ReportDetailEntryCell.m */; };
		7F454F9113D5A56A00AE47D1 /* DashboardAppCell.m in Sources */ = {isa = PBXBuildFile; fileRef = 7F454F9013D5A56A00AE47D1 /* DashboardAppCell.m */; };
		7F454F9413D5B64F00AE47D1 /* ColorButton.m in Sources */ = {isa = PBXBuildFile; fileRef = 7F454F9313D5B64F00AE47D1 /* ColorButton.m */; };
		7F454F9A13D5B97100AE47D1 /* Product.m in Sources */ = {isa = PBXBuildFile; fileRef = 7F454F9913D5B97100AE47D1 /* Product.m */; };
		7F454F9D13D5C19D00AE47D1 /* CrayonColorPickerViewController.m in Sources */ = {isa = PBXBuildFile; fileRef = 7F454F9C13D5C19C00AE47D1 /* CrayonColorPickerViewController.m */; };
		7F454FA013D5C25000AE47D1 /* UIColor+Extensions.m in Sources */ = {isa = PBXBuildFile; fileRef = 7F454F9F13D5C24F00AE47D1 /* UIColor+Extensions.m */; };
		7F454FAE13D6496900AE47D1 /* IconManager.m in Sources */ = {isa = PBXBuildFile; fileRef = 7F454FAD13D6496600AE47D1 /* IconManager.m */; };
		7F6BC9AB13CB64DB00286A1E /* GraphView.m in Sources */ = {isa = PBXBuildFile; fileRef = 7F6BC9AA13CB64DB00286A1E /* GraphView.m */; };
		7F709D2C13BC98860008DBAD /* UIKit.framework in Frameworks */ = {isa = PBXBuildFile; fileRef = 7F709D2B13BC98860008DBAD /* UIKit.framework */; };
		7F709D2E13BC98860008DBAD /* Foundation.framework in Frameworks */ = {isa = PBXBuildFile; fileRef = 7F709D2D13BC98860008DBAD /* Foundation.framework */; };
		7F709D3013BC98860008DBAD /* CoreGraphics.framework in Frameworks */ = {isa = PBXBuildFile; fileRef = 7F709D2F13BC98860008DBAD /* CoreGraphics.framework */; };
		7F709D3213BC98860008DBAD /* CoreData.framework in Frameworks */ = {isa = PBXBuildFile; fileRef = 7F709D3113BC98860008DBAD /* CoreData.framework */; };
		7F709D3A13BC98860008DBAD /* main.m in Sources */ = {isa = PBXBuildFile; fileRef = 7F709D3913BC98860008DBAD /* main.m */; };
		7F709D3E13BC98860008DBAD /* AppSalesAppDelegate.m in Sources */ = {isa = PBXBuildFile; fileRef = 7F709D3D13BC98860008DBAD /* AppSalesAppDelegate.m */; };
		7F709D4113BC98860008DBAD /* AppSales.xcdatamodeld in Sources */ = {isa = PBXBuildFile; fileRef = 7F709D3F13BC98860008DBAD /* AppSales.xcdatamodeld */; };
		7F709D4713BC98860008DBAD /* AccountsViewController.m in Sources */ = {isa = PBXBuildFile; fileRef = 7F709D4613BC98860008DBAD /* AccountsViewController.m */; };
		7F709D6713BCB6500008DBAD /* FieldEditorViewController.m in Sources */ = {isa = PBXBuildFile; fileRef = 7F709D6213BCB64F0008DBAD /* FieldEditorViewController.m */; };
		7F709D6E13BCC4270008DBAD /* Security.framework in Frameworks */ = {isa = PBXBuildFile; fileRef = 7F709D6D13BCC4270008DBAD /* Security.framework */; };
		7F709D8C13BD03D40008DBAD /* SalesViewController.m in Sources */ = {isa = PBXBuildFile; fileRef = 7F709D8B13BD03D30008DBAD /* SalesViewController.m */; };
		7F709D8F13BD064E0008DBAD /* ASAccount.m in Sources */ = {isa = PBXBuildFile; fileRef = 7F709D8E13BD064D0008DBAD /* ASAccount.m */; };
		7F7F1D0C13F6442C00F18143 /* PromoCodesViewController.m in Sources */ = {isa = PBXBuildFile; fileRef = 7F7F1D0B13F6442C00F18143 /* PromoCodesViewController.m */; };
		7F7F1D0F13F6455A00F18143 /* PromoCodesAppViewController.m in Sources */ = {isa = PBXBuildFile; fileRef = 7F7F1D0E13F6455900F18143 /* PromoCodesAppViewController.m */; };
		7F7F4A3F13E50A52006C6651 /* PaymentsViewController.m in Sources */ = {isa = PBXBuildFile; fileRef = 7F7F4A3E13E50A52006C6651 /* PaymentsViewController.m */; };
		7F7F4A4213E51A99006C6651 /* YearView.m in Sources */ = {isa = PBXBuildFile; fileRef = 7F7F4A4113E51A99006C6651 /* YearView.m */; };
		7F89BCE313DFB4F1001C607F /* stores.plist in Resources */ = {isa = PBXBuildFile; fileRef = 7F89BCE213DFB4F1001C607F /* stores.plist */; };
		7F963B4213E98B8600CA62FD /* AccountStatusView.m in Sources */ = {isa = PBXBuildFile; fileRef = 7F963B4113E98B8600CA62FD /* AccountStatusView.m */; };
		7FA2C58413E0370B00BA9875 /* ReviewListViewController.m in Sources */ = {isa = PBXBuildFile; fileRef = 7FA2C58313E0370B00BA9875 /* ReviewListViewController.m */; };
		7FA3EA9913F76E3500C80C07 /* DownloadStepOperation.m in Sources */ = {isa = PBXBuildFile; fileRef = 7FA3EA9813F76E3500C80C07 /* DownloadStepOperation.m */; };
		7FA3EA9D13F77DF000C80C07 /* MultiOperation.m in Sources */ = {isa = PBXBuildFile; fileRef = 7FA3EA9C13F77DF000C80C07 /* MultiOperation.m */; };
		7FAB532C13DCFA7E0027274F /* AppIconView.m in Sources */ = {isa = PBXBuildFile; fileRef = 7FAB532B13DCFA7D0027274F /* AppIconView.m */; };
		7FAB533413DD0F9A0027274F /* country_names.plist in Resources */ = {isa = PBXBuildFile; fileRef = 7FAB533313DD0F9A0027274F /* country_names.plist */; };
		7FAEB66613E6D0EE00750788 /* BadgedCell.m in Sources */ = {isa = PBXBuildFile; fileRef = 7FAEB66513E6D0EE00750788 /* BadgedCell.m */; };
		7FAEB67113E6D3AC00750788 /* UIImage+Tinting.m in Sources */ = {isa = PBXBuildFile; fileRef = 7FAEB67013E6D3AB00750788 /* UIImage+Tinting.m */; };
		7FAEB68F13E75B0000750788 /* About.html in Resources */ = {isa = PBXBuildFile; fileRef = 7FAEB68E13E75AFF00750788 /* About.html */; };
		7FAEB69213E75B7400750788 /* AboutViewController.m in Sources */ = {isa = PBXBuildFile; fileRef = 7FAEB69113E75B7400750788 /* AboutViewController.m */; };
		7FD2C1E113CDCB3C002868C7 /* WeeklyReport.m in Sources */ = {isa = PBXBuildFile; fileRef = 7FD2C1E013CDCB3C002868C7 /* WeeklyReport.m */; };
		7FD2C1E513CDCB3D002868C7 /* DailyReport.m in Sources */ = {isa = PBXBuildFile; fileRef = 7FD2C1E413CDCB3D002868C7 /* DailyReport.m */; };
		7FD2C1EB13CE486A002868C7 /* QuartzCore.framework in Frameworks */ = {isa = PBXBuildFile; fileRef = 7FD2C1EA13CE486A002868C7 /* QuartzCore.framework */; };
		7FD4ECDC13DAFF120054FE6D /* AppleFiscalCalendar.m in Sources */ = {isa = PBXBuildFile; fileRef = 7FD4ECDB13DAFF120054FE6D /* AppleFiscalCalendar.m */; };
		7FDF6E8113D8962500B8CC4E /* countries.plist in Resources */ = {isa = PBXBuildFile; fileRef = 7FDF6E8013D8962500B8CC4E /* countries.plist */; };
		7FDF6E8313D89B1000B8CC4E /* countries_simple.plist in Resources */ = {isa = PBXBuildFile; fileRef = 7FDF6E8213D89B1000B8CC4E /* countries_simple.plist */; };
		7FDF727513D8E64D00B8CC4E /* ReportCSVViewController.m in Sources */ = {isa = PBXBuildFile; fileRef = 7FDF727413D8E64D00B8CC4E /* ReportCSVViewController.m */; };
		7FDF727D13DAAF2900B8CC4E /* ReportCollection.m in Sources */ = {isa = PBXBuildFile; fileRef = 7FDF727C13DAAF2900B8CC4E /* ReportCollection.m */; };
		AEF5636A2531C9670012548E /* PaymentDetailsViewController.m in Sources */ = {isa = PBXBuildFile; fileRef = AEF563692531C9670012548E /* PaymentDetailsViewController.m */; };
		DA2231A41DB318C7009071A3 /* SAMKeychain.m in Sources */ = {isa = PBXBuildFile; fileRef = DA2231A11DB318C7009071A3 /* SAMKeychain.m */; };
		DA2231A51DB318C7009071A3 /* SAMKeychainQuery.m in Sources */ = {isa = PBXBuildFile; fileRef = DA2231A31DB318C7009071A3 /* SAMKeychainQuery.m */; };
		DA2231A71DB318CC009071A3 /* SAMKeychain.bundle in Resources */ = {isa = PBXBuildFile; fileRef = DA2231A61DB318CC009071A3 /* SAMKeychain.bundle */; };
		DA2995CD1C120E4C0009D4F1 /* Icon216.png in Resources */ = {isa = PBXBuildFile; fileRef = DA2995CC1C120E4C0009D4F1 /* Icon216.png */; };
		DA3DF5FF1EF1D92900CBEF87 /* DeveloperResponse.m in Sources */ = {isa = PBXBuildFile; fileRef = DA3DF5FE1EF1D92900CBEF87 /* DeveloperResponse.m */; };
		DA4357FC1C113B670056702C /* LocalAuthentication.framework in Frameworks */ = {isa = PBXBuildFile; fileRef = DA4357FB1C113B670056702C /* LocalAuthentication.framework */; };
		DA4984391C129F95009BFC8F /* ioapi.c in Sources */ = {isa = PBXBuildFile; fileRef = DA49842F1C129F95009BFC8F /* ioapi.c */; };
		DA49843A1C129F95009BFC8F /* mztools.c in Sources */ = {isa = PBXBuildFile; fileRef = DA4984311C129F95009BFC8F /* mztools.c */; };
		DA49843B1C129F95009BFC8F /* unzip.c in Sources */ = {isa = PBXBuildFile; fileRef = DA4984331C129F95009BFC8F /* unzip.c */; };
		DA49843C1C129F95009BFC8F /* zip.c in Sources */ = {isa = PBXBuildFile; fileRef = DA4984351C129F95009BFC8F /* zip.c */; };
		DA49843D1C129F95009BFC8F /* ZIPArchive.mm in Sources */ = {isa = PBXBuildFile; fileRef = DA4984381C129F95009BFC8F /* ZIPArchive.mm */; };
		DA4984411C12A884009BFC8F /* MBProgressHUD.m in Sources */ = {isa = PBXBuildFile; fileRef = DA4984401C12A884009BFC8F /* MBProgressHUD.m */; };
		DA4984471C12C85F009BFC8F /* UIViewController+Orientation.m in Sources */ = {isa = PBXBuildFile; fileRef = DA4984461C12C85F009BFC8F /* UIViewController+Orientation.m */; };
		DA4AC6991EF7A1E2003CAF4D /* StarRatingView.m in Sources */ = {isa = PBXBuildFile; fileRef = DA4AC6981EF7A1E2003CAF4D /* StarRatingView.m */; };
		DA4AC69C1EF869D8003CAF4D /* ReviewFilterViewController.m in Sources */ = {isa = PBXBuildFile; fileRef = DA4AC69B1EF869D8003CAF4D /* ReviewFilterViewController.m */; };
		DA4AC6A01EF9AB8F003CAF4D /* FilterTableViewCell.m in Sources */ = {isa = PBXBuildFile; fileRef = DA4AC69F1EF9AB8F003CAF4D /* FilterTableViewCell.m */; };
		DA4AC6A31EF9CBB4003CAF4D /* ReviewFilter.m in Sources */ = {isa = PBXBuildFile; fileRef = DA4AC6A21EF9CBB4003CAF4D /* ReviewFilter.m */; };
		DA4AC6A61EFAD348003CAF4D /* ReviewFilterOption.m in Sources */ = {isa = PBXBuildFile; fileRef = DA4AC6A51EFAD348003CAF4D /* ReviewFilterOption.m */; };
		DA4AC6A91EFAF7A6003CAF4D /* ReviewFilterDetailViewController.m in Sources */ = {isa = PBXBuildFile; fileRef = DA4AC6A81EFAF7A6003CAF4D /* ReviewFilterDetailViewController.m */; };
		DA4AC6AC1EFB051F003CAF4D /* FilterDetailTableViewCell.m in Sources */ = {isa = PBXBuildFile; fileRef = DA4AC6AB1EFB051F003CAF4D /* FilterDetailTableViewCell.m */; };
		DA4AC6B61EFB54D6003CAF4D /* ReviewDownloadOperation.m in Sources */ = {isa = PBXBuildFile; fileRef = DA4AC6B51EFB54D6003CAF4D /* ReviewDownloadOperation.m */; };
		DA4AC6B91EFB5AAD003CAF4D /* ReviewDownloadCoordinator.m in Sources */ = {isa = PBXBuildFile; fileRef = DA4AC6B81EFB5AAD003CAF4D /* ReviewDownloadCoordinator.m */; };
		DA4AC6BC1EFB9E2C003CAF4D /* StatusToolbar.m in Sources */ = {isa = PBXBuildFile; fileRef = DA4AC6BB1EFB9E2C003CAF4D /* StatusToolbar.m */; };
		DA7B08C91C135EA300BEAB57 /* UIAlertController+Window.m in Sources */ = {isa = PBXBuildFile; fileRef = DA7B08C81C135EA300BEAB57 /* UIAlertController+Window.m */; };
		DA7B08E11C154CFB00BEAB57 /* FlagKit.xcassets in Resources */ = {isa = PBXBuildFile; fileRef = DA7B08E01C154CFB00BEAB57 /* FlagKit.xcassets */; };
		DA7D58F41C234D9700A3EA12 /* ReviewCell.m in Sources */ = {isa = PBXBuildFile; fileRef = DA7D58F31C234D9700A3EA12 /* ReviewCell.m */; };
		DA8C71F31E00E4A100F7490B /* ReporterParser.m in Sources */ = {isa = PBXBuildFile; fileRef = DA8C71F21E00E4A100F7490B /* ReporterParser.m */; };
		DA9DB1B51C0FEC48007B0178 /* LoginManager.m in Sources */ = {isa = PBXBuildFile; fileRef = DA9DB1B21C0FEC48007B0178 /* LoginManager.m */; };
		DA9DB1B61C0FEC48007B0178 /* SecurityCodeInputController.m in Sources */ = {isa = PBXBuildFile; fileRef = DA9DB1B41C0FEC48007B0178 /* SecurityCodeInputController.m */; };
		DA9DB1B91C101FB2007B0178 /* LaunchScreen.storyboard in Resources */ = {isa = PBXBuildFile; fileRef = DA9DB1B81C101FB2007B0178 /* LaunchScreen.storyboard */; };
		DAD39BA51EEC9B2D00CB3524 /* passcode_square_empty@3x.png in Resources */ = {isa = PBXBuildFile; fileRef = DAD39BA41EEC9B2D00CB3524 /* passcode_square_empty@3x.png */; };
		DAD39BA71EEC9B3100CB3524 /* passcode_square_filled@3x.png in Resources */ = {isa = PBXBuildFile; fileRef = DAD39BA61EEC9B3100CB3524 /* passcode_square_filled@3x.png */; };
		DAD53A531EFC87630038C925 /* ReviewFilterComparator.m in Sources */ = {isa = PBXBuildFile; fileRef = DAD53A521EFC87630038C925 /* ReviewFilterComparator.m */; };
		DAD53A581EFCF6ED0038C925 /* ReviewListHeaderView.m in Sources */ = {isa = PBXBuildFile; fileRef = DAD53A571EFCF6ED0038C925 /* ReviewListHeaderView.m */; };
		DAF2D89D203B5F8100F3C0CF /* ASProgressHUD.m in Sources */ = {isa = PBXBuildFile; fileRef = DAF2D89C203B5F8100F3C0CF /* ASProgressHUD.m */; };
		DAFC5F801C16B29D00261B16 /* ReviewsViewController.m in Sources */ = {isa = PBXBuildFile; fileRef = DAFC5F7F1C16B29D00261B16 /* ReviewsViewController.m */; };
		DAFC5F931C16BFAD00261B16 /* Review.m in Sources */ = {isa = PBXBuildFile; fileRef = DAFC5F921C16BFAD00261B16 /* Review.m */; };
		DAFC5F961C16C07100261B16 /* Version.m in Sources */ = {isa = PBXBuildFile; fileRef = DAFC5F951C16C07100261B16 /* Version.m */; };
/* End PBXBuildFile section */

/* Begin PBXFileReference section */
		4509175823D030130028AF83 /* DarkModeCheck.h */ = {isa = PBXFileReference; lastKnownFileType = sourcecode.c.h; path = DarkModeCheck.h; sourceTree = "<group>"; };
		4509175923D030130028AF83 /* DarkModeCheck.m */ = {isa = PBXFileReference; lastKnownFileType = sourcecode.c.objc; path = DarkModeCheck.m; sourceTree = "<group>"; };
		45C2B2212460296200C84374 /* csv.css */ = {isa = PBXFileReference; fileEncoding = 4; lastKnownFileType = text.css; path = csv.css; sourceTree = "<group>"; };
		62E09F1A19E693F3002917FE /* Images.xcassets */ = {isa = PBXFileReference; lastKnownFileType = folder.assetcatalog; name = Images.xcassets; path = AppSales/Images.xcassets; sourceTree = "<group>"; };
		6D81574814CB3C2B005E8F3F /* KKKeychain.h */ = {isa = PBXFileReference; fileEncoding = 4; lastKnownFileType = sourcecode.c.h; path = KKKeychain.h; sourceTree = "<group>"; };
		6D81574914CB3C2B005E8F3F /* KKKeychain.m */ = {isa = PBXFileReference; fileEncoding = 4; lastKnownFileType = sourcecode.c.objc; path = KKKeychain.m; sourceTree = "<group>"; };
		6D81574A14CB3C2B005E8F3F /* KKPasscodeLock.h */ = {isa = PBXFileReference; fileEncoding = 4; lastKnownFileType = sourcecode.c.h; path = KKPasscodeLock.h; sourceTree = "<group>"; };
		6D81574B14CB3C2B005E8F3F /* KKPasscodeLock.m */ = {isa = PBXFileReference; fileEncoding = 4; lastKnownFileType = sourcecode.c.objc; path = KKPasscodeLock.m; sourceTree = "<group>"; };
		6D81574C14CB3C2B005E8F3F /* KKPasscodeSettingsViewController.h */ = {isa = PBXFileReference; fileEncoding = 4; lastKnownFileType = sourcecode.c.h; path = KKPasscodeSettingsViewController.h; sourceTree = "<group>"; };
		6D81574D14CB3C2B005E8F3F /* KKPasscodeSettingsViewController.m */ = {isa = PBXFileReference; fileEncoding = 4; lastKnownFileType = sourcecode.c.objc; lineEnding = 0; path = KKPasscodeSettingsViewController.m; sourceTree = "<group>"; xcLanguageSpecificationIdentifier = xcode.lang.objc; };
		6D81574E14CB3C2B005E8F3F /* KKPasscodeViewController.h */ = {isa = PBXFileReference; fileEncoding = 4; lastKnownFileType = sourcecode.c.h; path = KKPasscodeViewController.h; sourceTree = "<group>"; };
		6D81574F14CB3C2B005E8F3F /* KKPasscodeViewController.m */ = {isa = PBXFileReference; fileEncoding = 4; lastKnownFileType = sourcecode.c.objc; lineEnding = 0; path = KKPasscodeViewController.m; sourceTree = "<group>"; xcLanguageSpecificationIdentifier = xcode.lang.objc; };
		6D81576114CB44BE005E8F3F /* passcode_square_empty.png */ = {isa = PBXFileReference; lastKnownFileType = image.png; path = passcode_square_empty.png; sourceTree = "<group>"; };
		6D81576214CB44BE005E8F3F /* passcode_square_empty@2x.png */ = {isa = PBXFileReference; lastKnownFileType = image.png; path = "passcode_square_empty@2x.png"; sourceTree = "<group>"; };
		6D81576314CB44BE005E8F3F /* passcode_square_filled.png */ = {isa = PBXFileReference; lastKnownFileType = image.png; path = passcode_square_filled.png; sourceTree = "<group>"; };
		6D81576414CB44BE005E8F3F /* passcode_square_filled@2x.png */ = {isa = PBXFileReference; lastKnownFileType = image.png; path = "passcode_square_filled@2x.png"; sourceTree = "<group>"; };
		7F06B6BD13BF73C8004DB170 /* Report.h */ = {isa = PBXFileReference; fileEncoding = 4; lastKnownFileType = sourcecode.c.h; path = Report.h; sourceTree = "<group>"; };
		7F06B6BE13BF73C8004DB170 /* Report.m */ = {isa = PBXFileReference; fileEncoding = 4; lastKnownFileType = sourcecode.c.objc; path = Report.m; sourceTree = "<group>"; };
		7F0B8A6713F77F95006E9151 /* PromoCodeOperation.h */ = {isa = PBXFileReference; fileEncoding = 4; lastKnownFileType = sourcecode.c.h; path = PromoCodeOperation.h; sourceTree = "<group>"; };
		7F0B8A6813F77F95006E9151 /* PromoCodeOperation.m */ = {isa = PBXFileReference; fileEncoding = 4; lastKnownFileType = sourcecode.c.objc; path = PromoCodeOperation.m; sourceTree = "<group>"; };
		7F0B8A6B13F7B776006E9151 /* AppSales 2.xcdatamodel */ = {isa = PBXFileReference; lastKnownFileType = wrapper.xcdatamodel; path = "AppSales 2.xcdatamodel"; sourceTree = "<group>"; };
		7F0B8A6C13F7B941006E9151 /* PromoCode.h */ = {isa = PBXFileReference; fileEncoding = 4; lastKnownFileType = sourcecode.c.h; path = PromoCode.h; sourceTree = "<group>"; };
		7F0B8A6D13F7B941006E9151 /* PromoCode.m */ = {isa = PBXFileReference; fileEncoding = 4; lastKnownFileType = sourcecode.c.objc; path = PromoCode.m; sourceTree = "<group>"; };
		7F0B8A7113F7E647006E9151 /* PromoCodesLicenseViewController.h */ = {isa = PBXFileReference; fileEncoding = 4; lastKnownFileType = sourcecode.c.h; path = PromoCodesLicenseViewController.h; sourceTree = "<group>"; };
		7F0B8A7213F7E647006E9151 /* PromoCodesLicenseViewController.m */ = {isa = PBXFileReference; fileEncoding = 4; lastKnownFileType = sourcecode.c.objc; lineEnding = 0; path = PromoCodesLicenseViewController.m; sourceTree = "<group>"; xcLanguageSpecificationIdentifier = xcode.lang.objc; };
		7F0BF5D813D3317D0063A6B0 /* ShadowTop.png */ = {isa = PBXFileReference; lastKnownFileType = image.png; path = ShadowTop.png; sourceTree = "<group>"; };
		7F0BF5D913D3317D0063A6B0 /* ShadowBottom.png */ = {isa = PBXFileReference; lastKnownFileType = image.png; path = ShadowBottom.png; sourceTree = "<group>"; };
		7F137EB113DDDABF004655D8 /* CountryDictionary.h */ = {isa = PBXFileReference; fileEncoding = 4; lastKnownFileType = sourcecode.c.h; path = CountryDictionary.h; sourceTree = "<group>"; };
		7F137EB213DDDABF004655D8 /* CountryDictionary.m */ = {isa = PBXFileReference; fileEncoding = 4; lastKnownFileType = sourcecode.c.objc; path = CountryDictionary.m; sourceTree = "<group>"; };
		7F1499C813BE15F500D89064 /* NSData+Compression.h */ = {isa = PBXFileReference; fileEncoding = 4; lastKnownFileType = sourcecode.c.h; path = "NSData+Compression.h"; sourceTree = "<group>"; };
		7F1499C913BE15F500D89064 /* NSData+Compression.m */ = {isa = PBXFileReference; fileEncoding = 4; lastKnownFileType = sourcecode.c.objc; path = "NSData+Compression.m"; sourceTree = "<group>"; };
		7F1499CC13BE172300D89064 /* libz.dylib */ = {isa = PBXFileReference; lastKnownFileType = "compiled.mach-o.dylib"; name = libz.dylib; path = usr/lib/libz.dylib; sourceTree = SDKROOT; };
		7F1499CE13BE311600D89064 /* ReportDownloadOperation.h */ = {isa = PBXFileReference; fileEncoding = 4; lastKnownFileType = sourcecode.c.h; path = ReportDownloadOperation.h; sourceTree = "<group>"; };
		7F1499CF13BE311600D89064 /* ReportDownloadOperation.m */ = {isa = PBXFileReference; fileEncoding = 4; lastKnownFileType = sourcecode.c.objc; path = ReportDownloadOperation.m; sourceTree = "<group>"; };
		7F1499DF13BE544F00D89064 /* ReportDownloadCoordinator.h */ = {isa = PBXFileReference; fileEncoding = 4; lastKnownFileType = sourcecode.c.h; path = ReportDownloadCoordinator.h; sourceTree = "<group>"; };
		7F1499E013BE544F00D89064 /* ReportDownloadCoordinator.m */ = {isa = PBXFileReference; fileEncoding = 4; lastKnownFileType = sourcecode.c.objc; path = ReportDownloadCoordinator.m; sourceTree = "<group>"; };
		7F1B14F113C51AC900243AA3 /* CurrencyManager.h */ = {isa = PBXFileReference; fileEncoding = 4; lastKnownFileType = sourcecode.c.h; path = CurrencyManager.h; sourceTree = "<group>"; };
		7F1B14F213C51AC900243AA3 /* CurrencyManager.m */ = {isa = PBXFileReference; fileEncoding = 4; lastKnownFileType = sourcecode.c.objc; path = CurrencyManager.m; sourceTree = "<group>"; };
		7F1B153513C8029600243AA3 /* ReportImportOperation.h */ = {isa = PBXFileReference; fileEncoding = 4; lastKnownFileType = sourcecode.c.h; path = ReportImportOperation.h; sourceTree = "<group>"; };
		7F1B153613C8029600243AA3 /* ReportImportOperation.m */ = {isa = PBXFileReference; fileEncoding = 4; lastKnownFileType = sourcecode.c.objc; path = ReportImportOperation.m; sourceTree = "<group>"; };
		7F24E70513E40A0D0056EA97 /* DashboardViewController.h */ = {isa = PBXFileReference; fileEncoding = 4; lastKnownFileType = sourcecode.c.h; path = DashboardViewController.h; sourceTree = "<group>"; };
		7F24E70613E40A0D0056EA97 /* DashboardViewController.m */ = {isa = PBXFileReference; fileEncoding = 4; lastKnownFileType = sourcecode.c.objc; lineEnding = 0; path = DashboardViewController.m; sourceTree = "<group>"; xcLanguageSpecificationIdentifier = xcode.lang.objc; };
		7F2668931405211E00FD2CC5 /* AppSales 3.xcdatamodel */ = {isa = PBXFileReference; lastKnownFileType = wrapper.xcdatamodel; path = "AppSales 3.xcdatamodel"; sourceTree = "<group>"; };
		7F26689514055D2200FD2CC5 /* AccountsViewController+ButtonActions.h */ = {isa = PBXFileReference; fileEncoding = 4; lastKnownFileType = sourcecode.c.h; path = "AccountsViewController+ButtonActions.h"; sourceTree = "<group>"; };
		7F26689614055D2200FD2CC5 /* AccountsViewController+ButtonActions.m */ = {isa = PBXFileReference; fileEncoding = 4; lastKnownFileType = sourcecode.c.objc; path = "AccountsViewController+ButtonActions.m"; sourceTree = "<group>"; };
		7F26DF8F13E13319001D0F33 /* ReviewDetailViewController.h */ = {isa = PBXFileReference; fileEncoding = 4; lastKnownFileType = sourcecode.c.h; path = ReviewDetailViewController.h; sourceTree = "<group>"; };
		7F26DF9013E13319001D0F33 /* ReviewDetailViewController.m */ = {isa = PBXFileReference; fileEncoding = 4; lastKnownFileType = sourcecode.c.objc; lineEnding = 0; path = ReviewDetailViewController.m; sourceTree = "<group>"; xcLanguageSpecificationIdentifier = xcode.lang.objc; };
		7F26DF9313E1358B001D0F33 /* ReviewTemplate.html */ = {isa = PBXFileReference; fileEncoding = 4; lastKnownFileType = text.html; path = ReviewTemplate.html; sourceTree = "<group>"; };
		7F2946EC13D880260023F530 /* ReportDetailViewController.h */ = {isa = PBXFileReference; fileEncoding = 4; lastKnownFileType = sourcecode.c.h; path = ReportDetailViewController.h; sourceTree = "<group>"; };
		7F2946ED13D880260023F530 /* ReportDetailViewController.m */ = {isa = PBXFileReference; fileEncoding = 4; lastKnownFileType = sourcecode.c.objc; lineEnding = 0; path = ReportDetailViewController.m; sourceTree = "<group>"; xcLanguageSpecificationIdentifier = xcode.lang.objc; };
		7F2946EF13D8806E0023F530 /* MapView.h */ = {isa = PBXFileReference; fileEncoding = 4; lastKnownFileType = sourcecode.c.h; path = MapView.h; sourceTree = "<group>"; };
		7F2946F013D8806E0023F530 /* MapView.m */ = {isa = PBXFileReference; fileEncoding = 4; lastKnownFileType = sourcecode.c.objc; path = MapView.m; sourceTree = "<group>"; };
		7F3796C913F8244000FA6E49 /* MessageUI.framework */ = {isa = PBXFileReference; lastKnownFileType = wrapper.framework; name = MessageUI.framework; path = System/Library/Frameworks/MessageUI.framework; sourceTree = SDKROOT; };
		7F398ED013DF21F1004BEC44 /* Transaction.h */ = {isa = PBXFileReference; fileEncoding = 4; lastKnownFileType = sourcecode.c.h; path = Transaction.h; sourceTree = "<group>"; };
		7F398ED113DF21F2004BEC44 /* Transaction.m */ = {isa = PBXFileReference; fileEncoding = 4; lastKnownFileType = sourcecode.c.objc; path = Transaction.m; sourceTree = "<group>"; };
		7F398ED313DF570D004BEC44 /* ReportDetailEntry.h */ = {isa = PBXFileReference; fileEncoding = 4; lastKnownFileType = sourcecode.c.h; path = ReportDetailEntry.h; sourceTree = "<group>"; };
		7F398ED413DF570D004BEC44 /* ReportDetailEntry.m */ = {isa = PBXFileReference; fileEncoding = 4; lastKnownFileType = sourcecode.c.objc; path = ReportDetailEntry.m; sourceTree = "<group>"; };
		7F4065C813DD379B006148AA /* ReportDetailEntryCell.h */ = {isa = PBXFileReference; fileEncoding = 4; lastKnownFileType = sourcecode.c.h; path = ReportDetailEntryCell.h; sourceTree = "<group>"; };
		7F4065C913DD379B006148AA /* ReportDetailEntryCell.m */ = {isa = PBXFileReference; fileEncoding = 4; lastKnownFileType = sourcecode.c.objc; path = ReportDetailEntryCell.m; sourceTree = "<group>"; };
		7F454F8F13D5A56900AE47D1 /* DashboardAppCell.h */ = {isa = PBXFileReference; fileEncoding = 4; lastKnownFileType = sourcecode.c.h; path = DashboardAppCell.h; sourceTree = "<group>"; };
		7F454F9013D5A56A00AE47D1 /* DashboardAppCell.m */ = {isa = PBXFileReference; fileEncoding = 4; lastKnownFileType = sourcecode.c.objc; path = DashboardAppCell.m; sourceTree = "<group>"; };
		7F454F9213D5B64F00AE47D1 /* ColorButton.h */ = {isa = PBXFileReference; fileEncoding = 4; lastKnownFileType = sourcecode.c.h; path = ColorButton.h; sourceTree = "<group>"; };
		7F454F9313D5B64F00AE47D1 /* ColorButton.m */ = {isa = PBXFileReference; fileEncoding = 4; lastKnownFileType = sourcecode.c.objc; path = ColorButton.m; sourceTree = "<group>"; };
		7F454F9813D5B97100AE47D1 /* Product.h */ = {isa = PBXFileReference; fileEncoding = 4; lastKnownFileType = sourcecode.c.h; path = Product.h; sourceTree = "<group>"; };
		7F454F9913D5B97100AE47D1 /* Product.m */ = {isa = PBXFileReference; fileEncoding = 4; lastKnownFileType = sourcecode.c.objc; path = Product.m; sourceTree = "<group>"; };
		7F454F9B13D5C19B00AE47D1 /* CrayonColorPickerViewController.h */ = {isa = PBXFileReference; fileEncoding = 4; lastKnownFileType = sourcecode.c.h; path = CrayonColorPickerViewController.h; sourceTree = "<group>"; };
		7F454F9C13D5C19C00AE47D1 /* CrayonColorPickerViewController.m */ = {isa = PBXFileReference; fileEncoding = 4; lastKnownFileType = sourcecode.c.objc; path = CrayonColorPickerViewController.m; sourceTree = "<group>"; };
		7F454F9E13D5C24F00AE47D1 /* UIColor+Extensions.h */ = {isa = PBXFileReference; fileEncoding = 4; lastKnownFileType = sourcecode.c.h; path = "UIColor+Extensions.h"; sourceTree = "<group>"; };
		7F454F9F13D5C24F00AE47D1 /* UIColor+Extensions.m */ = {isa = PBXFileReference; fileEncoding = 4; lastKnownFileType = sourcecode.c.objc; path = "UIColor+Extensions.m"; sourceTree = "<group>"; };
		7F454FAC13D6496400AE47D1 /* IconManager.h */ = {isa = PBXFileReference; fileEncoding = 4; lastKnownFileType = sourcecode.c.h; path = IconManager.h; sourceTree = "<group>"; };
		7F454FAD13D6496600AE47D1 /* IconManager.m */ = {isa = PBXFileReference; fileEncoding = 4; lastKnownFileType = sourcecode.c.objc; path = IconManager.m; sourceTree = "<group>"; };
		7F6BC9A913CB64DB00286A1E /* GraphView.h */ = {isa = PBXFileReference; fileEncoding = 4; lastKnownFileType = sourcecode.c.h; path = GraphView.h; sourceTree = "<group>"; };
		7F6BC9AA13CB64DB00286A1E /* GraphView.m */ = {isa = PBXFileReference; fileEncoding = 4; lastKnownFileType = sourcecode.c.objc; path = GraphView.m; sourceTree = "<group>"; };
		7F709D2713BC98860008DBAD /* AppSalesMobile.app */ = {isa = PBXFileReference; explicitFileType = wrapper.application; includeInIndex = 0; path = AppSalesMobile.app; sourceTree = BUILT_PRODUCTS_DIR; };
		7F709D2B13BC98860008DBAD /* UIKit.framework */ = {isa = PBXFileReference; lastKnownFileType = wrapper.framework; name = UIKit.framework; path = System/Library/Frameworks/UIKit.framework; sourceTree = SDKROOT; };
		7F709D2D13BC98860008DBAD /* Foundation.framework */ = {isa = PBXFileReference; lastKnownFileType = wrapper.framework; name = Foundation.framework; path = System/Library/Frameworks/Foundation.framework; sourceTree = SDKROOT; };
		7F709D2F13BC98860008DBAD /* CoreGraphics.framework */ = {isa = PBXFileReference; lastKnownFileType = wrapper.framework; name = CoreGraphics.framework; path = System/Library/Frameworks/CoreGraphics.framework; sourceTree = SDKROOT; };
		7F709D3113BC98860008DBAD /* CoreData.framework */ = {isa = PBXFileReference; lastKnownFileType = wrapper.framework; name = CoreData.framework; path = System/Library/Frameworks/CoreData.framework; sourceTree = SDKROOT; };
		7F709D3513BC98860008DBAD /* AppSales-Info.plist */ = {isa = PBXFileReference; lastKnownFileType = text.plist.xml; name = "AppSales-Info.plist"; path = "../Support/AppSales-Info.plist"; sourceTree = "<group>"; };
		7F709D3913BC98860008DBAD /* main.m */ = {isa = PBXFileReference; lastKnownFileType = sourcecode.c.objc; path = main.m; sourceTree = "<group>"; };
		7F709D3B13BC98860008DBAD /* AppSales-Prefix.pch */ = {isa = PBXFileReference; lastKnownFileType = sourcecode.c.h; path = "AppSales-Prefix.pch"; sourceTree = "<group>"; };
		7F709D3C13BC98860008DBAD /* AppSalesAppDelegate.h */ = {isa = PBXFileReference; lastKnownFileType = sourcecode.c.h; path = AppSalesAppDelegate.h; sourceTree = "<group>"; };
		7F709D3D13BC98860008DBAD /* AppSalesAppDelegate.m */ = {isa = PBXFileReference; lastKnownFileType = sourcecode.c.objc; path = AppSalesAppDelegate.m; sourceTree = "<group>"; };
		7F709D4013BC98860008DBAD /* AppSales.xcdatamodel */ = {isa = PBXFileReference; lastKnownFileType = wrapper.xcdatamodel; path = AppSales.xcdatamodel; sourceTree = "<group>"; };
		7F709D4513BC98860008DBAD /* AccountsViewController.h */ = {isa = PBXFileReference; lastKnownFileType = sourcecode.c.h; path = AccountsViewController.h; sourceTree = "<group>"; };
		7F709D4613BC98860008DBAD /* AccountsViewController.m */ = {isa = PBXFileReference; lastKnownFileType = sourcecode.c.objc; lineEnding = 0; path = AccountsViewController.m; sourceTree = "<group>"; xcLanguageSpecificationIdentifier = xcode.lang.objc; };
		7F709D6113BCB64E0008DBAD /* FieldEditorViewController.h */ = {isa = PBXFileReference; fileEncoding = 4; lastKnownFileType = sourcecode.c.h; path = FieldEditorViewController.h; sourceTree = "<group>"; };
		7F709D6213BCB64F0008DBAD /* FieldEditorViewController.m */ = {isa = PBXFileReference; fileEncoding = 4; lastKnownFileType = sourcecode.c.objc; path = FieldEditorViewController.m; sourceTree = "<group>"; };
		7F709D6D13BCC4270008DBAD /* Security.framework */ = {isa = PBXFileReference; lastKnownFileType = wrapper.framework; name = Security.framework; path = System/Library/Frameworks/Security.framework; sourceTree = SDKROOT; };
		7F709D8A13BD03D30008DBAD /* SalesViewController.h */ = {isa = PBXFileReference; fileEncoding = 4; lastKnownFileType = sourcecode.c.h; path = SalesViewController.h; sourceTree = "<group>"; };
		7F709D8B13BD03D30008DBAD /* SalesViewController.m */ = {isa = PBXFileReference; fileEncoding = 4; lastKnownFileType = sourcecode.c.objc; path = SalesViewController.m; sourceTree = "<group>"; };
		7F709D8D13BD064D0008DBAD /* ASAccount.h */ = {isa = PBXFileReference; fileEncoding = 4; lastKnownFileType = sourcecode.c.h; path = ASAccount.h; sourceTree = "<group>"; };
		7F709D8E13BD064D0008DBAD /* ASAccount.m */ = {isa = PBXFileReference; fileEncoding = 4; lastKnownFileType = sourcecode.c.objc; path = ASAccount.m; sourceTree = "<group>"; };
		7F7F1D0A13F6442C00F18143 /* PromoCodesViewController.h */ = {isa = PBXFileReference; fileEncoding = 4; lastKnownFileType = sourcecode.c.h; path = PromoCodesViewController.h; sourceTree = "<group>"; };
		7F7F1D0B13F6442C00F18143 /* PromoCodesViewController.m */ = {isa = PBXFileReference; fileEncoding = 4; lastKnownFileType = sourcecode.c.objc; path = PromoCodesViewController.m; sourceTree = "<group>"; };
		7F7F1D0D13F6455900F18143 /* PromoCodesAppViewController.h */ = {isa = PBXFileReference; fileEncoding = 4; lastKnownFileType = sourcecode.c.h; path = PromoCodesAppViewController.h; sourceTree = "<group>"; };
		7F7F1D0E13F6455900F18143 /* PromoCodesAppViewController.m */ = {isa = PBXFileReference; fileEncoding = 4; lastKnownFileType = sourcecode.c.objc; lineEnding = 0; path = PromoCodesAppViewController.m; sourceTree = "<group>"; xcLanguageSpecificationIdentifier = xcode.lang.objc; };
		7F7F4A3D13E50A52006C6651 /* PaymentsViewController.h */ = {isa = PBXFileReference; fileEncoding = 4; lastKnownFileType = sourcecode.c.h; path = PaymentsViewController.h; sourceTree = "<group>"; };
		7F7F4A3E13E50A52006C6651 /* PaymentsViewController.m */ = {isa = PBXFileReference; fileEncoding = 4; lastKnownFileType = sourcecode.c.objc; path = PaymentsViewController.m; sourceTree = "<group>"; };
		7F7F4A4013E51A99006C6651 /* YearView.h */ = {isa = PBXFileReference; fileEncoding = 4; lastKnownFileType = sourcecode.c.h; path = YearView.h; sourceTree = "<group>"; };
		7F7F4A4113E51A99006C6651 /* YearView.m */ = {isa = PBXFileReference; fileEncoding = 4; lastKnownFileType = sourcecode.c.objc; path = YearView.m; sourceTree = "<group>"; };
		7F89BCE213DFB4F1001C607F /* stores.plist */ = {isa = PBXFileReference; fileEncoding = 4; lastKnownFileType = text.plist.xml; path = stores.plist; sourceTree = "<group>"; };
		7F963B4013E98B8600CA62FD /* AccountStatusView.h */ = {isa = PBXFileReference; fileEncoding = 4; lastKnownFileType = sourcecode.c.h; path = AccountStatusView.h; sourceTree = "<group>"; };
		7F963B4113E98B8600CA62FD /* AccountStatusView.m */ = {isa = PBXFileReference; fileEncoding = 4; lastKnownFileType = sourcecode.c.objc; path = AccountStatusView.m; sourceTree = "<group>"; };
		7FA2C58213E0370B00BA9875 /* ReviewListViewController.h */ = {isa = PBXFileReference; fileEncoding = 4; lastKnownFileType = sourcecode.c.h; path = ReviewListViewController.h; sourceTree = "<group>"; };
		7FA2C58313E0370B00BA9875 /* ReviewListViewController.m */ = {isa = PBXFileReference; fileEncoding = 4; lastKnownFileType = sourcecode.c.objc; path = ReviewListViewController.m; sourceTree = "<group>"; };
		7FA3EA9713F76E3500C80C07 /* DownloadStepOperation.h */ = {isa = PBXFileReference; fileEncoding = 4; lastKnownFileType = sourcecode.c.h; path = DownloadStepOperation.h; sourceTree = "<group>"; };
		7FA3EA9813F76E3500C80C07 /* DownloadStepOperation.m */ = {isa = PBXFileReference; fileEncoding = 4; lastKnownFileType = sourcecode.c.objc; path = DownloadStepOperation.m; sourceTree = "<group>"; };
		7FA3EA9B13F77DF000C80C07 /* MultiOperation.h */ = {isa = PBXFileReference; fileEncoding = 4; lastKnownFileType = sourcecode.c.h; path = MultiOperation.h; sourceTree = "<group>"; };
		7FA3EA9C13F77DF000C80C07 /* MultiOperation.m */ = {isa = PBXFileReference; fileEncoding = 4; lastKnownFileType = sourcecode.c.objc; path = MultiOperation.m; sourceTree = "<group>"; };
		7FAB532A13DCFA7D0027274F /* AppIconView.h */ = {isa = PBXFileReference; fileEncoding = 4; lastKnownFileType = sourcecode.c.h; path = AppIconView.h; sourceTree = "<group>"; };
		7FAB532B13DCFA7D0027274F /* AppIconView.m */ = {isa = PBXFileReference; fileEncoding = 4; lastKnownFileType = sourcecode.c.objc; path = AppIconView.m; sourceTree = "<group>"; };
		7FAB533313DD0F9A0027274F /* country_names.plist */ = {isa = PBXFileReference; fileEncoding = 4; lastKnownFileType = text.plist.xml; name = country_names.plist; path = ../Support/country_names.plist; sourceTree = "<group>"; };
		7FAEB66413E6D0EE00750788 /* BadgedCell.h */ = {isa = PBXFileReference; fileEncoding = 4; lastKnownFileType = sourcecode.c.h; path = BadgedCell.h; sourceTree = "<group>"; };
		7FAEB66513E6D0EE00750788 /* BadgedCell.m */ = {isa = PBXFileReference; fileEncoding = 4; lastKnownFileType = sourcecode.c.objc; path = BadgedCell.m; sourceTree = "<group>"; };
		7FAEB66F13E6D3AB00750788 /* UIImage+Tinting.h */ = {isa = PBXFileReference; fileEncoding = 4; lastKnownFileType = sourcecode.c.h; path = "UIImage+Tinting.h"; sourceTree = "<group>"; };
		7FAEB67013E6D3AB00750788 /* UIImage+Tinting.m */ = {isa = PBXFileReference; fileEncoding = 4; lastKnownFileType = sourcecode.c.objc; path = "UIImage+Tinting.m"; sourceTree = "<group>"; };
		7FAEB68E13E75AFF00750788 /* About.html */ = {isa = PBXFileReference; fileEncoding = 4; lastKnownFileType = text.html; path = About.html; sourceTree = "<group>"; };
		7FAEB69013E75B7400750788 /* AboutViewController.h */ = {isa = PBXFileReference; fileEncoding = 4; lastKnownFileType = sourcecode.c.h; path = AboutViewController.h; sourceTree = "<group>"; };
		7FAEB69113E75B7400750788 /* AboutViewController.m */ = {isa = PBXFileReference; fileEncoding = 4; lastKnownFileType = sourcecode.c.objc; lineEnding = 0; path = AboutViewController.m; sourceTree = "<group>"; xcLanguageSpecificationIdentifier = xcode.lang.objc; };
		7FD2C1DF13CDCB3C002868C7 /* WeeklyReport.h */ = {isa = PBXFileReference; fileEncoding = 4; lastKnownFileType = sourcecode.c.h; path = WeeklyReport.h; sourceTree = "<group>"; };
		7FD2C1E013CDCB3C002868C7 /* WeeklyReport.m */ = {isa = PBXFileReference; fileEncoding = 4; lastKnownFileType = sourcecode.c.objc; path = WeeklyReport.m; sourceTree = "<group>"; };
		7FD2C1E313CDCB3C002868C7 /* DailyReport.h */ = {isa = PBXFileReference; fileEncoding = 4; lastKnownFileType = sourcecode.c.h; path = DailyReport.h; sourceTree = "<group>"; };
		7FD2C1E413CDCB3D002868C7 /* DailyReport.m */ = {isa = PBXFileReference; fileEncoding = 4; lastKnownFileType = sourcecode.c.objc; path = DailyReport.m; sourceTree = "<group>"; };
		7FD2C1EA13CE486A002868C7 /* QuartzCore.framework */ = {isa = PBXFileReference; lastKnownFileType = wrapper.framework; name = QuartzCore.framework; path = System/Library/Frameworks/QuartzCore.framework; sourceTree = SDKROOT; };
		7FD4ECDA13DAFF120054FE6D /* AppleFiscalCalendar.h */ = {isa = PBXFileReference; fileEncoding = 4; lastKnownFileType = sourcecode.c.h; path = AppleFiscalCalendar.h; sourceTree = "<group>"; };
		7FD4ECDB13DAFF120054FE6D /* AppleFiscalCalendar.m */ = {isa = PBXFileReference; fileEncoding = 4; lastKnownFileType = sourcecode.c.objc; path = AppleFiscalCalendar.m; sourceTree = "<group>"; };
		7FDF6E8013D8962500B8CC4E /* countries.plist */ = {isa = PBXFileReference; fileEncoding = 4; lastKnownFileType = text.plist.xml; name = countries.plist; path = ../Support/countries.plist; sourceTree = "<group>"; };
		7FDF6E8213D89B1000B8CC4E /* countries_simple.plist */ = {isa = PBXFileReference; fileEncoding = 4; lastKnownFileType = text.plist.xml; name = countries_simple.plist; path = ../Support/countries_simple.plist; sourceTree = "<group>"; };
		7FDF727313D8E64C00B8CC4E /* ReportCSVViewController.h */ = {isa = PBXFileReference; fileEncoding = 4; lastKnownFileType = sourcecode.c.h; path = ReportCSVViewController.h; sourceTree = "<group>"; };
		7FDF727413D8E64D00B8CC4E /* ReportCSVViewController.m */ = {isa = PBXFileReference; fileEncoding = 4; lastKnownFileType = sourcecode.c.objc; lineEnding = 0; path = ReportCSVViewController.m; sourceTree = "<group>"; xcLanguageSpecificationIdentifier = xcode.lang.objc; };
		7FDF727A13DAAEB300B8CC4E /* ReportSummary.h */ = {isa = PBXFileReference; fileEncoding = 4; lastKnownFileType = sourcecode.c.h; path = ReportSummary.h; sourceTree = "<group>"; };
		7FDF727B13DAAF2900B8CC4E /* ReportCollection.h */ = {isa = PBXFileReference; fileEncoding = 4; lastKnownFileType = sourcecode.c.h; path = ReportCollection.h; sourceTree = "<group>"; };
		7FDF727C13DAAF2900B8CC4E /* ReportCollection.m */ = {isa = PBXFileReference; fileEncoding = 4; lastKnownFileType = sourcecode.c.objc; path = ReportCollection.m; sourceTree = "<group>"; };
		7FED633913DB69EA00DF33B1 /* GlobalSettings.h */ = {isa = PBXFileReference; fileEncoding = 4; lastKnownFileType = sourcecode.c.h; path = GlobalSettings.h; sourceTree = "<group>"; };
		AE778A141E2EB6F200DAA6B7 /* AppSales 5.xcdatamodel */ = {isa = PBXFileReference; lastKnownFileType = wrapper.xcdatamodel; path = "AppSales 5.xcdatamodel"; sourceTree = "<group>"; };
		AEF563682531C9670012548E /* PaymentDetailsViewController.h */ = {isa = PBXFileReference; lastKnownFileType = sourcecode.c.h; path = PaymentDetailsViewController.h; sourceTree = "<group>"; };
		AEF563692531C9670012548E /* PaymentDetailsViewController.m */ = {isa = PBXFileReference; lastKnownFileType = sourcecode.c.objc; path = PaymentDetailsViewController.m; sourceTree = "<group>"; };
		DA1BC9E62456123100A36B92 /* AppSales 7.xcdatamodel */ = {isa = PBXFileReference; lastKnownFileType = wrapper.xcdatamodel; path = "AppSales 7.xcdatamodel"; sourceTree = "<group>"; };
		DA2231A01DB318C7009071A3 /* SAMKeychain.h */ = {isa = PBXFileReference; fileEncoding = 4; lastKnownFileType = sourcecode.c.h; name = SAMKeychain.h; path = Vendor/SAMKeychain/Sources/SAMKeychain.h; sourceTree = SOURCE_ROOT; };
		DA2231A11DB318C7009071A3 /* SAMKeychain.m */ = {isa = PBXFileReference; fileEncoding = 4; lastKnownFileType = sourcecode.c.objc; name = SAMKeychain.m; path = Vendor/SAMKeychain/Sources/SAMKeychain.m; sourceTree = SOURCE_ROOT; };
		DA2231A21DB318C7009071A3 /* SAMKeychainQuery.h */ = {isa = PBXFileReference; fileEncoding = 4; lastKnownFileType = sourcecode.c.h; name = SAMKeychainQuery.h; path = Vendor/SAMKeychain/Sources/SAMKeychainQuery.h; sourceTree = SOURCE_ROOT; };
		DA2231A31DB318C7009071A3 /* SAMKeychainQuery.m */ = {isa = PBXFileReference; fileEncoding = 4; lastKnownFileType = sourcecode.c.objc; name = SAMKeychainQuery.m; path = Vendor/SAMKeychain/Sources/SAMKeychainQuery.m; sourceTree = SOURCE_ROOT; };
		DA2231A61DB318CC009071A3 /* SAMKeychain.bundle */ = {isa = PBXFileReference; lastKnownFileType = "wrapper.plug-in"; name = SAMKeychain.bundle; path = Vendor/SAMKeychain/Support/SAMKeychain.bundle; sourceTree = SOURCE_ROOT; };
		DA2995CC1C120E4C0009D4F1 /* Icon216.png */ = {isa = PBXFileReference; lastKnownFileType = image.png; path = Icon216.png; sourceTree = "<group>"; };
		DA3DF5F01EF1D6CA00CBEF87 /* AppSales 6.xcdatamodel */ = {isa = PBXFileReference; lastKnownFileType = wrapper.xcdatamodel; path = "AppSales 6.xcdatamodel"; sourceTree = "<group>"; };
		DA3DF5FD1EF1D92900CBEF87 /* DeveloperResponse.h */ = {isa = PBXFileReference; fileEncoding = 4; lastKnownFileType = sourcecode.c.h; path = DeveloperResponse.h; sourceTree = "<group>"; };
		DA3DF5FE1EF1D92900CBEF87 /* DeveloperResponse.m */ = {isa = PBXFileReference; fileEncoding = 4; lastKnownFileType = sourcecode.c.objc; path = DeveloperResponse.m; sourceTree = "<group>"; };
		DA4357FB1C113B670056702C /* LocalAuthentication.framework */ = {isa = PBXFileReference; lastKnownFileType = wrapper.framework; name = LocalAuthentication.framework; path = System/Library/Frameworks/LocalAuthentication.framework; sourceTree = SDKROOT; };
		DA49842E1C129F95009BFC8F /* crypt.h */ = {isa = PBXFileReference; fileEncoding = 4; lastKnownFileType = sourcecode.c.h; path = crypt.h; sourceTree = "<group>"; };
		DA49842F1C129F95009BFC8F /* ioapi.c */ = {isa = PBXFileReference; fileEncoding = 4; lastKnownFileType = sourcecode.c.c; path = ioapi.c; sourceTree = "<group>"; };
		DA4984301C129F95009BFC8F /* ioapi.h */ = {isa = PBXFileReference; fileEncoding = 4; lastKnownFileType = sourcecode.c.h; path = ioapi.h; sourceTree = "<group>"; };
		DA4984311C129F95009BFC8F /* mztools.c */ = {isa = PBXFileReference; fileEncoding = 4; lastKnownFileType = sourcecode.c.c; path = mztools.c; sourceTree = "<group>"; };
		DA4984321C129F95009BFC8F /* mztools.h */ = {isa = PBXFileReference; fileEncoding = 4; lastKnownFileType = sourcecode.c.h; path = mztools.h; sourceTree = "<group>"; };
		DA4984331C129F95009BFC8F /* unzip.c */ = {isa = PBXFileReference; fileEncoding = 4; lastKnownFileType = sourcecode.c.c; path = unzip.c; sourceTree = "<group>"; };
		DA4984341C129F95009BFC8F /* unzip.h */ = {isa = PBXFileReference; fileEncoding = 4; lastKnownFileType = sourcecode.c.h; path = unzip.h; sourceTree = "<group>"; };
		DA4984351C129F95009BFC8F /* zip.c */ = {isa = PBXFileReference; fileEncoding = 4; lastKnownFileType = sourcecode.c.c; path = zip.c; sourceTree = "<group>"; };
		DA4984361C129F95009BFC8F /* zip.h */ = {isa = PBXFileReference; fileEncoding = 4; lastKnownFileType = sourcecode.c.h; path = zip.h; sourceTree = "<group>"; };
		DA4984371C129F95009BFC8F /* ZIPArchive.h */ = {isa = PBXFileReference; fileEncoding = 4; lastKnownFileType = sourcecode.c.h; path = ZIPArchive.h; sourceTree = "<group>"; };
		DA4984381C129F95009BFC8F /* ZIPArchive.mm */ = {isa = PBXFileReference; fileEncoding = 4; lastKnownFileType = sourcecode.cpp.objcpp; path = ZIPArchive.mm; sourceTree = "<group>"; };
		DA49843F1C12A884009BFC8F /* MBProgressHUD.h */ = {isa = PBXFileReference; fileEncoding = 4; lastKnownFileType = sourcecode.c.h; name = MBProgressHUD.h; path = Vendor/MBProgressHUD/MBProgressHUD.h; sourceTree = SOURCE_ROOT; };
		DA4984401C12A884009BFC8F /* MBProgressHUD.m */ = {isa = PBXFileReference; fileEncoding = 4; lastKnownFileType = sourcecode.c.objc; name = MBProgressHUD.m; path = Vendor/MBProgressHUD/MBProgressHUD.m; sourceTree = SOURCE_ROOT; };
		DA4984451C12C85F009BFC8F /* UIViewController+Orientation.h */ = {isa = PBXFileReference; fileEncoding = 4; lastKnownFileType = sourcecode.c.h; path = "UIViewController+Orientation.h"; sourceTree = "<group>"; };
		DA4984461C12C85F009BFC8F /* UIViewController+Orientation.m */ = {isa = PBXFileReference; fileEncoding = 4; lastKnownFileType = sourcecode.c.objc; path = "UIViewController+Orientation.m"; sourceTree = "<group>"; };
		DA4AC6971EF7A1E2003CAF4D /* StarRatingView.h */ = {isa = PBXFileReference; fileEncoding = 4; lastKnownFileType = sourcecode.c.h; path = StarRatingView.h; sourceTree = "<group>"; };
		DA4AC6981EF7A1E2003CAF4D /* StarRatingView.m */ = {isa = PBXFileReference; fileEncoding = 4; lastKnownFileType = sourcecode.c.objc; path = StarRatingView.m; sourceTree = "<group>"; };
		DA4AC69A1EF869D8003CAF4D /* ReviewFilterViewController.h */ = {isa = PBXFileReference; fileEncoding = 4; lastKnownFileType = sourcecode.c.h; path = ReviewFilterViewController.h; sourceTree = "<group>"; };
		DA4AC69B1EF869D8003CAF4D /* ReviewFilterViewController.m */ = {isa = PBXFileReference; fileEncoding = 4; lastKnownFileType = sourcecode.c.objc; path = ReviewFilterViewController.m; sourceTree = "<group>"; };
		DA4AC69E1EF9AB8F003CAF4D /* FilterTableViewCell.h */ = {isa = PBXFileReference; fileEncoding = 4; lastKnownFileType = sourcecode.c.h; path = FilterTableViewCell.h; sourceTree = "<group>"; };
		DA4AC69F1EF9AB8F003CAF4D /* FilterTableViewCell.m */ = {isa = PBXFileReference; fileEncoding = 4; lastKnownFileType = sourcecode.c.objc; path = FilterTableViewCell.m; sourceTree = "<group>"; };
		DA4AC6A11EF9CBB4003CAF4D /* ReviewFilter.h */ = {isa = PBXFileReference; fileEncoding = 4; lastKnownFileType = sourcecode.c.h; path = ReviewFilter.h; sourceTree = "<group>"; };
		DA4AC6A21EF9CBB4003CAF4D /* ReviewFilter.m */ = {isa = PBXFileReference; fileEncoding = 4; lastKnownFileType = sourcecode.c.objc; path = ReviewFilter.m; sourceTree = "<group>"; };
		DA4AC6A41EFAD348003CAF4D /* ReviewFilterOption.h */ = {isa = PBXFileReference; fileEncoding = 4; lastKnownFileType = sourcecode.c.h; path = ReviewFilterOption.h; sourceTree = "<group>"; };
		DA4AC6A51EFAD348003CAF4D /* ReviewFilterOption.m */ = {isa = PBXFileReference; fileEncoding = 4; lastKnownFileType = sourcecode.c.objc; path = ReviewFilterOption.m; sourceTree = "<group>"; };
		DA4AC6A71EFAF7A6003CAF4D /* ReviewFilterDetailViewController.h */ = {isa = PBXFileReference; fileEncoding = 4; lastKnownFileType = sourcecode.c.h; path = ReviewFilterDetailViewController.h; sourceTree = "<group>"; };
		DA4AC6A81EFAF7A6003CAF4D /* ReviewFilterDetailViewController.m */ = {isa = PBXFileReference; fileEncoding = 4; lastKnownFileType = sourcecode.c.objc; path = ReviewFilterDetailViewController.m; sourceTree = "<group>"; };
		DA4AC6AA1EFB051F003CAF4D /* FilterDetailTableViewCell.h */ = {isa = PBXFileReference; fileEncoding = 4; lastKnownFileType = sourcecode.c.h; path = FilterDetailTableViewCell.h; sourceTree = "<group>"; };
		DA4AC6AB1EFB051F003CAF4D /* FilterDetailTableViewCell.m */ = {isa = PBXFileReference; fileEncoding = 4; lastKnownFileType = sourcecode.c.objc; path = FilterDetailTableViewCell.m; sourceTree = "<group>"; };
		DA4AC6B41EFB54D6003CAF4D /* ReviewDownloadOperation.h */ = {isa = PBXFileReference; fileEncoding = 4; lastKnownFileType = sourcecode.c.h; name = ReviewDownloadOperation.h; path = Classes/ReviewDownloadOperation.h; sourceTree = "<group>"; };
		DA4AC6B51EFB54D6003CAF4D /* ReviewDownloadOperation.m */ = {isa = PBXFileReference; fileEncoding = 4; lastKnownFileType = sourcecode.c.objc; name = ReviewDownloadOperation.m; path = Classes/ReviewDownloadOperation.m; sourceTree = "<group>"; };
		DA4AC6B71EFB5AAD003CAF4D /* ReviewDownloadCoordinator.h */ = {isa = PBXFileReference; fileEncoding = 4; lastKnownFileType = sourcecode.c.h; name = ReviewDownloadCoordinator.h; path = Classes/ReviewDownloadCoordinator.h; sourceTree = "<group>"; };
		DA4AC6B81EFB5AAD003CAF4D /* ReviewDownloadCoordinator.m */ = {isa = PBXFileReference; fileEncoding = 4; lastKnownFileType = sourcecode.c.objc; name = ReviewDownloadCoordinator.m; path = Classes/ReviewDownloadCoordinator.m; sourceTree = "<group>"; };
		DA4AC6BA1EFB9E2C003CAF4D /* StatusToolbar.h */ = {isa = PBXFileReference; fileEncoding = 4; lastKnownFileType = sourcecode.c.h; path = StatusToolbar.h; sourceTree = "<group>"; };
		DA4AC6BB1EFB9E2C003CAF4D /* StatusToolbar.m */ = {isa = PBXFileReference; fileEncoding = 4; lastKnownFileType = sourcecode.c.objc; path = StatusToolbar.m; sourceTree = "<group>"; };
		DA7B08C71C135EA300BEAB57 /* UIAlertController+Window.h */ = {isa = PBXFileReference; fileEncoding = 4; lastKnownFileType = sourcecode.c.h; name = "UIAlertController+Window.h"; path = "Vendor/FFGlobalAlertController/Pod/Classes/UIAlertController+Window.h"; sourceTree = SOURCE_ROOT; };
		DA7B08C81C135EA300BEAB57 /* UIAlertController+Window.m */ = {isa = PBXFileReference; fileEncoding = 4; lastKnownFileType = sourcecode.c.objc; name = "UIAlertController+Window.m"; path = "Vendor/FFGlobalAlertController/Pod/Classes/UIAlertController+Window.m"; sourceTree = SOURCE_ROOT; };
		DA7B08E01C154CFB00BEAB57 /* FlagKit.xcassets */ = {isa = PBXFileReference; lastKnownFileType = folder.assetcatalog; name = FlagKit.xcassets; path = Vendor/FlagKit/FlagKit.xcassets; sourceTree = "<group>"; };
		DA7D58F21C234D9700A3EA12 /* ReviewCell.h */ = {isa = PBXFileReference; fileEncoding = 4; lastKnownFileType = sourcecode.c.h; path = ReviewCell.h; sourceTree = "<group>"; };
		DA7D58F31C234D9700A3EA12 /* ReviewCell.m */ = {isa = PBXFileReference; fileEncoding = 4; lastKnownFileType = sourcecode.c.objc; path = ReviewCell.m; sourceTree = "<group>"; };
		DA8C71F11E00E4A100F7490B /* ReporterParser.h */ = {isa = PBXFileReference; fileEncoding = 4; lastKnownFileType = sourcecode.c.h; path = ReporterParser.h; sourceTree = "<group>"; };
		DA8C71F21E00E4A100F7490B /* ReporterParser.m */ = {isa = PBXFileReference; fileEncoding = 4; lastKnownFileType = sourcecode.c.objc; path = ReporterParser.m; sourceTree = "<group>"; };
		DA9DB1B11C0FEC48007B0178 /* LoginManager.h */ = {isa = PBXFileReference; fileEncoding = 4; lastKnownFileType = sourcecode.c.h; path = LoginManager.h; sourceTree = "<group>"; };
		DA9DB1B21C0FEC48007B0178 /* LoginManager.m */ = {isa = PBXFileReference; fileEncoding = 4; lastKnownFileType = sourcecode.c.objc; path = LoginManager.m; sourceTree = "<group>"; };
		DA9DB1B31C0FEC48007B0178 /* SecurityCodeInputController.h */ = {isa = PBXFileReference; fileEncoding = 4; lastKnownFileType = sourcecode.c.h; path = SecurityCodeInputController.h; sourceTree = "<group>"; };
		DA9DB1B41C0FEC48007B0178 /* SecurityCodeInputController.m */ = {isa = PBXFileReference; fileEncoding = 4; lastKnownFileType = sourcecode.c.objc; path = SecurityCodeInputController.m; sourceTree = "<group>"; };
		DA9DB1B81C101FB2007B0178 /* LaunchScreen.storyboard */ = {isa = PBXFileReference; fileEncoding = 4; lastKnownFileType = file.storyboard; name = LaunchScreen.storyboard; path = AppSales/LaunchScreen.storyboard; sourceTree = "<group>"; };
		DAD39BA41EEC9B2D00CB3524 /* passcode_square_empty@3x.png */ = {isa = PBXFileReference; lastKnownFileType = image.png; path = "passcode_square_empty@3x.png"; sourceTree = "<group>"; };
		DAD39BA61EEC9B3100CB3524 /* passcode_square_filled@3x.png */ = {isa = PBXFileReference; lastKnownFileType = image.png; path = "passcode_square_filled@3x.png"; sourceTree = "<group>"; };
		DAD53A511EFC87630038C925 /* ReviewFilterComparator.h */ = {isa = PBXFileReference; fileEncoding = 4; lastKnownFileType = sourcecode.c.h; path = ReviewFilterComparator.h; sourceTree = "<group>"; };
		DAD53A521EFC87630038C925 /* ReviewFilterComparator.m */ = {isa = PBXFileReference; fileEncoding = 4; lastKnownFileType = sourcecode.c.objc; path = ReviewFilterComparator.m; sourceTree = "<group>"; };
		DAD53A561EFCF6ED0038C925 /* ReviewListHeaderView.h */ = {isa = PBXFileReference; fileEncoding = 4; lastKnownFileType = sourcecode.c.h; path = ReviewListHeaderView.h; sourceTree = "<group>"; };
		DAD53A571EFCF6ED0038C925 /* ReviewListHeaderView.m */ = {isa = PBXFileReference; fileEncoding = 4; lastKnownFileType = sourcecode.c.objc; path = ReviewListHeaderView.m; sourceTree = "<group>"; };
		DAF2D89B203B5F8100F3C0CF /* ASProgressHUD.h */ = {isa = PBXFileReference; lastKnownFileType = sourcecode.c.h; path = ASProgressHUD.h; sourceTree = "<group>"; };
		DAF2D89C203B5F8100F3C0CF /* ASProgressHUD.m */ = {isa = PBXFileReference; lastKnownFileType = sourcecode.c.objc; path = ASProgressHUD.m; sourceTree = "<group>"; };
		DAFC5F7E1C16B29D00261B16 /* ReviewsViewController.h */ = {isa = PBXFileReference; fileEncoding = 4; lastKnownFileType = sourcecode.c.h; path = ReviewsViewController.h; sourceTree = "<group>"; };
		DAFC5F7F1C16B29D00261B16 /* ReviewsViewController.m */ = {isa = PBXFileReference; fileEncoding = 4; lastKnownFileType = sourcecode.c.objc; path = ReviewsViewController.m; sourceTree = "<group>"; };
		DAFC5F841C16B89F00261B16 /* AppSales 4.xcdatamodel */ = {isa = PBXFileReference; lastKnownFileType = wrapper.xcdatamodel; path = "AppSales 4.xcdatamodel"; sourceTree = "<group>"; };
		DAFC5F911C16BFAD00261B16 /* Review.h */ = {isa = PBXFileReference; fileEncoding = 4; lastKnownFileType = sourcecode.c.h; path = Review.h; sourceTree = "<group>"; };
		DAFC5F921C16BFAD00261B16 /* Review.m */ = {isa = PBXFileReference; fileEncoding = 4; lastKnownFileType = sourcecode.c.objc; path = Review.m; sourceTree = "<group>"; };
		DAFC5F941C16C07100261B16 /* Version.h */ = {isa = PBXFileReference; fileEncoding = 4; lastKnownFileType = sourcecode.c.h; path = Version.h; sourceTree = "<group>"; };
		DAFC5F951C16C07100261B16 /* Version.m */ = {isa = PBXFileReference; fileEncoding = 4; lastKnownFileType = sourcecode.c.objc; path = Version.m; sourceTree = "<group>"; };
/* End PBXFileReference section */

/* Begin PBXFrameworksBuildPhase section */
		7F709D2413BC98860008DBAD /* Frameworks */ = {
			isa = PBXFrameworksBuildPhase;
			buildActionMask = 2147483647;
			files = (
				7F709D2C13BC98860008DBAD /* UIKit.framework in Frameworks */,
				7FD2C1EB13CE486A002868C7 /* QuartzCore.framework in Frameworks */,
				7F709D6E13BCC4270008DBAD /* Security.framework in Frameworks */,
				7F709D3013BC98860008DBAD /* CoreGraphics.framework in Frameworks */,
				7F709D2E13BC98860008DBAD /* Foundation.framework in Frameworks */,
				7F709D3213BC98860008DBAD /* CoreData.framework in Frameworks */,
				7F3796CC13F8245800FA6E49 /* MessageUI.framework in Frameworks */,
				DA4357FC1C113B670056702C /* LocalAuthentication.framework in Frameworks */,
				7F3796CD13F8246200FA6E49 /* libz.dylib in Frameworks */,
			);
			runOnlyForDeploymentPostprocessing = 0;
		};
/* End PBXFrameworksBuildPhase section */

/* Begin PBXGroup section */
		7F1499D113BE312100D89064 /* Report Download */ = {
			isa = PBXGroup;
			children = (
				DA8C71F11E00E4A100F7490B /* ReporterParser.h */,
				DA8C71F21E00E4A100F7490B /* ReporterParser.m */,
				7F1499DF13BE544F00D89064 /* ReportDownloadCoordinator.h */,
				7F1499E013BE544F00D89064 /* ReportDownloadCoordinator.m */,
				7F1499CE13BE311600D89064 /* ReportDownloadOperation.h */,
				7F1499CF13BE311600D89064 /* ReportDownloadOperation.m */,
				7F1B153513C8029600243AA3 /* ReportImportOperation.h */,
				7F1B153613C8029600243AA3 /* ReportImportOperation.m */,
			);
			name = "Report Download";
			sourceTree = "<group>";
		};
		7F1B159E13C9D1CA00243AA3 /* Classes */ = {
			isa = PBXGroup;
			children = (
				7F709D3C13BC98860008DBAD /* AppSalesAppDelegate.h */,
				7F709D3D13BC98860008DBAD /* AppSalesAppDelegate.m */,
				7FDF601C13DD2107005F1E2D /* Helpers */,
				7FDF601F13DD21BB005F1E2D /* Accounts and Settings */,
				7FDF601D13DD2125005F1E2D /* Dashboard */,
				7F88897A14CD4C9A007604D7 /* Passcode Lock */,
				DA9DB1B71C0FEC4C007B0178 /* Login Manager */,
				7F1499D113BE312100D89064 /* Report Download */,
				7F89BCDA13DFA43E001C607F /* Review Download */,
				7F7F1D0413F63F7F00F18143 /* Promo Code Download */,
				7F709D9013BD06570008DBAD /* Model */,
				DA49843E1C129F9E009BFC8F /* Vendor */,
			);
			path = Classes;
			sourceTree = "<group>";
		};
		7F24E70B13E41EA20056EA97 /* Common */ = {
			isa = PBXGroup;
			children = (
				7F24E70513E40A0D0056EA97 /* DashboardViewController.h */,
				7F24E70613E40A0D0056EA97 /* DashboardViewController.m */,
				7F454F8F13D5A56900AE47D1 /* DashboardAppCell.h */,
				7F454F9013D5A56A00AE47D1 /* DashboardAppCell.m */,
				7FAB532A13DCFA7D0027274F /* AppIconView.h */,
				7FAB532B13DCFA7D0027274F /* AppIconView.m */,
				7F454FAC13D6496400AE47D1 /* IconManager.h */,
				7F454FAD13D6496600AE47D1 /* IconManager.m */,
				7F454F9213D5B64F00AE47D1 /* ColorButton.h */,
				7F454F9313D5B64F00AE47D1 /* ColorButton.m */,
				7F454F9B13D5C19B00AE47D1 /* CrayonColorPickerViewController.h */,
				7F454F9C13D5C19C00AE47D1 /* CrayonColorPickerViewController.m */,
				DA4AC6BA1EFB9E2C003CAF4D /* StatusToolbar.h */,
				DA4AC6BB1EFB9E2C003CAF4D /* StatusToolbar.m */,
			);
			name = Common;
			sourceTree = "<group>";
		};
		7F24E70C13E41EB00056EA97 /* Sales */ = {
			isa = PBXGroup;
			children = (
				7F709D8A13BD03D30008DBAD /* SalesViewController.h */,
				7F709D8B13BD03D30008DBAD /* SalesViewController.m */,
				7F6BC9A913CB64DB00286A1E /* GraphView.h */,
				7F6BC9AA13CB64DB00286A1E /* GraphView.m */,
			);
			name = Sales;
			sourceTree = "<group>";
		};
		7F24E70D13E41EBD0056EA97 /* Reviews */ = {
			isa = PBXGroup;
			children = (
				DAFC5F7E1C16B29D00261B16 /* ReviewsViewController.h */,
				DAFC5F7F1C16B29D00261B16 /* ReviewsViewController.m */,
				DA4AC6B31EFB1FEF003CAF4D /* Review List */,
				7F26DF8F13E13319001D0F33 /* ReviewDetailViewController.h */,
				7F26DF9013E13319001D0F33 /* ReviewDetailViewController.m */,
			);
			name = Reviews;
			sourceTree = "<group>";
		};
		7F709D1C13BC98860008DBAD = {
			isa = PBXGroup;
			children = (
				62E09F1A19E693F3002917FE /* Images.xcassets */,
				DA7B08E01C154CFB00BEAB57 /* FlagKit.xcassets */,
				DA9DB1B81C101FB2007B0178 /* LaunchScreen.storyboard */,
				7F1B159E13C9D1CA00243AA3 /* Classes */,
				7FAB532913DCF00F0027274F /* Other Sources */,
				7F709D3413BC98860008DBAD /* Supporting Files */,
				7F709D2A13BC98860008DBAD /* Frameworks */,
				7F709D2813BC98860008DBAD /* Products */,
			);
			sourceTree = "<group>";
		};
		7F709D2813BC98860008DBAD /* Products */ = {
			isa = PBXGroup;
			children = (
				7F709D2713BC98860008DBAD /* AppSalesMobile.app */,
			);
			name = Products;
			sourceTree = "<group>";
		};
		7F709D2A13BC98860008DBAD /* Frameworks */ = {
			isa = PBXGroup;
			children = (
				7F1499CC13BE172300D89064 /* libz.dylib */,
				DA4357FB1C113B670056702C /* LocalAuthentication.framework */,
				7F3796C913F8244000FA6E49 /* MessageUI.framework */,
				7FD2C1EA13CE486A002868C7 /* QuartzCore.framework */,
				7F709D6D13BCC4270008DBAD /* Security.framework */,
				7F709D2B13BC98860008DBAD /* UIKit.framework */,
				7F709D2D13BC98860008DBAD /* Foundation.framework */,
				7F709D2F13BC98860008DBAD /* CoreGraphics.framework */,
				7F709D3113BC98860008DBAD /* CoreData.framework */,
			);
			name = Frameworks;
			sourceTree = "<group>";
		};
		7F709D3413BC98860008DBAD /* Supporting Files */ = {
			isa = PBXGroup;
			children = (
				7F709D6F13BCCB8B0008DBAD /* Images */,
				7F709D3513BC98860008DBAD /* AppSales-Info.plist */,
				7F709D3F13BC98860008DBAD /* AppSales.xcdatamodeld */,
				7F89BCE213DFB4F1001C607F /* stores.plist */,
				7FAB533313DD0F9A0027274F /* country_names.plist */,
				7FDF6E8013D8962500B8CC4E /* countries.plist */,
				7FDF6E8213D89B1000B8CC4E /* countries_simple.plist */,
				45C2B2212460296200C84374 /* csv.css */,
				7F26DF9313E1358B001D0F33 /* ReviewTemplate.html */,
				7FAEB68E13E75AFF00750788 /* About.html */,
			);
			name = "Supporting Files";
			path = Support;
			sourceTree = "<group>";
		};
		7F709D6F13BCCB8B0008DBAD /* Images */ = {
			isa = PBXGroup;
			children = (
				DA2995CC1C120E4C0009D4F1 /* Icon216.png */,
				6D81576114CB44BE005E8F3F /* passcode_square_empty.png */,
				6D81576214CB44BE005E8F3F /* passcode_square_empty@2x.png */,
				DAD39BA41EEC9B2D00CB3524 /* passcode_square_empty@3x.png */,
				6D81576314CB44BE005E8F3F /* passcode_square_filled.png */,
				6D81576414CB44BE005E8F3F /* passcode_square_filled@2x.png */,
				DAD39BA61EEC9B3100CB3524 /* passcode_square_filled@3x.png */,
				7F0BF5D813D3317D0063A6B0 /* ShadowTop.png */,
				7F0BF5D913D3317D0063A6B0 /* ShadowBottom.png */,
			);
			name = Images;
			path = ../Images;
			sourceTree = "<group>";
		};
		7F709D9013BD06570008DBAD /* Model */ = {
			isa = PBXGroup;
			children = (
				7F709D8D13BD064D0008DBAD /* ASAccount.h */,
				7F709D8E13BD064D0008DBAD /* ASAccount.m */,
				7FDF727A13DAAEB300B8CC4E /* ReportSummary.h */,
				7FDF727B13DAAF2900B8CC4E /* ReportCollection.h */,
				7FDF727C13DAAF2900B8CC4E /* ReportCollection.m */,
				7F06B6BD13BF73C8004DB170 /* Report.h */,
				7F06B6BE13BF73C8004DB170 /* Report.m */,
				7FD2C1E313CDCB3C002868C7 /* DailyReport.h */,
				7FD2C1E413CDCB3D002868C7 /* DailyReport.m */,
				7FD2C1DF13CDCB3C002868C7 /* WeeklyReport.h */,
				7FD2C1E013CDCB3C002868C7 /* WeeklyReport.m */,
				7F454F9813D5B97100AE47D1 /* Product.h */,
				7F454F9913D5B97100AE47D1 /* Product.m */,
				DAFC5F941C16C07100261B16 /* Version.h */,
				DAFC5F951C16C07100261B16 /* Version.m */,
				DAFC5F911C16BFAD00261B16 /* Review.h */,
				DAFC5F921C16BFAD00261B16 /* Review.m */,
				DA3DF5FD1EF1D92900CBEF87 /* DeveloperResponse.h */,
				DA3DF5FE1EF1D92900CBEF87 /* DeveloperResponse.m */,
				7FD4ECDA13DAFF120054FE6D /* AppleFiscalCalendar.h */,
				7FD4ECDB13DAFF120054FE6D /* AppleFiscalCalendar.m */,
				7F1B14F113C51AC900243AA3 /* CurrencyManager.h */,
				7F1B14F213C51AC900243AA3 /* CurrencyManager.m */,
				7F398ED013DF21F1004BEC44 /* Transaction.h */,
				7F398ED113DF21F2004BEC44 /* Transaction.m */,
				7F0B8A6C13F7B941006E9151 /* PromoCode.h */,
				7F0B8A6D13F7B941006E9151 /* PromoCode.m */,
			);
			name = Model;
			sourceTree = "<group>";
		};
		7F7F1D0413F63F7F00F18143 /* Promo Code Download */ = {
			isa = PBXGroup;
			children = (
				7F0B8A6713F77F95006E9151 /* PromoCodeOperation.h */,
				7F0B8A6813F77F95006E9151 /* PromoCodeOperation.m */,
				7FA3EA9B13F77DF000C80C07 /* MultiOperation.h */,
				7FA3EA9C13F77DF000C80C07 /* MultiOperation.m */,
				7FA3EA9713F76E3500C80C07 /* DownloadStepOperation.h */,
				7FA3EA9813F76E3500C80C07 /* DownloadStepOperation.m */,
			);
			name = "Promo Code Download";
			sourceTree = "<group>";
		};
		7F7F1D0913F643F300F18143 /* Promo Codes */ = {
			isa = PBXGroup;
			children = (
				7F7F1D0A13F6442C00F18143 /* PromoCodesViewController.h */,
				7F7F1D0B13F6442C00F18143 /* PromoCodesViewController.m */,
				7F7F1D0D13F6455900F18143 /* PromoCodesAppViewController.h */,
				7F7F1D0E13F6455900F18143 /* PromoCodesAppViewController.m */,
				7F0B8A7113F7E647006E9151 /* PromoCodesLicenseViewController.h */,
				7F0B8A7213F7E647006E9151 /* PromoCodesLicenseViewController.m */,
			);
			name = "Promo Codes";
			sourceTree = "<group>";
		};
		7F7F4A3C13E50A32006C6651 /* Payments */ = {
			isa = PBXGroup;
			children = (
				7F7F4A3D13E50A52006C6651 /* PaymentsViewController.h */,
				7F7F4A3E13E50A52006C6651 /* PaymentsViewController.m */,
				7F7F4A4013E51A99006C6651 /* YearView.h */,
				7F7F4A4113E51A99006C6651 /* YearView.m */,
				AEF563682531C9670012548E /* PaymentDetailsViewController.h */,
				AEF563692531C9670012548E /* PaymentDetailsViewController.m */,
			);
			name = Payments;
			sourceTree = "<group>";
		};
		7F88897A14CD4C9A007604D7 /* Passcode Lock */ = {
			isa = PBXGroup;
			children = (
				6D81574814CB3C2B005E8F3F /* KKKeychain.h */,
				6D81574914CB3C2B005E8F3F /* KKKeychain.m */,
				6D81574A14CB3C2B005E8F3F /* KKPasscodeLock.h */,
				6D81574B14CB3C2B005E8F3F /* KKPasscodeLock.m */,
				6D81574C14CB3C2B005E8F3F /* KKPasscodeSettingsViewController.h */,
				6D81574D14CB3C2B005E8F3F /* KKPasscodeSettingsViewController.m */,
				6D81574E14CB3C2B005E8F3F /* KKPasscodeViewController.h */,
				6D81574F14CB3C2B005E8F3F /* KKPasscodeViewController.m */,
			);
			name = "Passcode Lock";
			sourceTree = "<group>";
		};
		7F89BCDA13DFA43E001C607F /* Review Download */ = {
			isa = PBXGroup;
			children = (
				DA4AC6B71EFB5AAD003CAF4D /* ReviewDownloadCoordinator.h */,
				DA4AC6B81EFB5AAD003CAF4D /* ReviewDownloadCoordinator.m */,
				DA4AC6B41EFB54D6003CAF4D /* ReviewDownloadOperation.h */,
				DA4AC6B51EFB54D6003CAF4D /* ReviewDownloadOperation.m */,
			);
			name = "Review Download";
			path = ..;
			sourceTree = "<group>";
		};
		7FAB532913DCF00F0027274F /* Other Sources */ = {
			isa = PBXGroup;
			children = (
				7F709D3913BC98860008DBAD /* main.m */,
				7F709D3B13BC98860008DBAD /* AppSales-Prefix.pch */,
				7FED633913DB69EA00DF33B1 /* GlobalSettings.h */,
			);
			name = "Other Sources";
			path = OtherSources;
			sourceTree = "<group>";
		};
		7FDF601C13DD2107005F1E2D /* Helpers */ = {
			isa = PBXGroup;
			children = (
				DAF2D89B203B5F8100F3C0CF /* ASProgressHUD.h */,
				DAF2D89C203B5F8100F3C0CF /* ASProgressHUD.m */,
				4509175823D030130028AF83 /* DarkModeCheck.h */,
				4509175923D030130028AF83 /* DarkModeCheck.m */,
				7F1499C813BE15F500D89064 /* NSData+Compression.h */,
				7F1499C913BE15F500D89064 /* NSData+Compression.m */,
				7F454F9E13D5C24F00AE47D1 /* UIColor+Extensions.h */,
				7F454F9F13D5C24F00AE47D1 /* UIColor+Extensions.m */,
				7FAEB66F13E6D3AB00750788 /* UIImage+Tinting.h */,
				7FAEB67013E6D3AB00750788 /* UIImage+Tinting.m */,
				DA4984451C12C85F009BFC8F /* UIViewController+Orientation.h */,
				DA4984461C12C85F009BFC8F /* UIViewController+Orientation.m */,
			);
			name = Helpers;
			sourceTree = "<group>";
		};
		7FDF601D13DD2125005F1E2D /* Dashboard */ = {
			isa = PBXGroup;
			children = (
				7F24E70B13E41EA20056EA97 /* Common */,
				7F24E70C13E41EB00056EA97 /* Sales */,
				7FDF601E13DD2193005F1E2D /* Report Details */,
				7F7F4A3C13E50A32006C6651 /* Payments */,
				7F24E70D13E41EBD0056EA97 /* Reviews */,
				7F7F1D0913F643F300F18143 /* Promo Codes */,
			);
			name = Dashboard;
			sourceTree = "<group>";
		};
		7FDF601E13DD2193005F1E2D /* Report Details */ = {
			isa = PBXGroup;
			children = (
				7F2946EC13D880260023F530 /* ReportDetailViewController.h */,
				7F2946ED13D880260023F530 /* ReportDetailViewController.m */,
				7F4065C813DD379B006148AA /* ReportDetailEntryCell.h */,
				7F4065C913DD379B006148AA /* ReportDetailEntryCell.m */,
				7F398ED313DF570D004BEC44 /* ReportDetailEntry.h */,
				7F398ED413DF570D004BEC44 /* ReportDetailEntry.m */,
				7F2946EF13D8806E0023F530 /* MapView.h */,
				7F2946F013D8806E0023F530 /* MapView.m */,
				7FDF727313D8E64C00B8CC4E /* ReportCSVViewController.h */,
				7FDF727413D8E64D00B8CC4E /* ReportCSVViewController.m */,
				7F137EB113DDDABF004655D8 /* CountryDictionary.h */,
				7F137EB213DDDABF004655D8 /* CountryDictionary.m */,
			);
			name = "Report Details";
			sourceTree = "<group>";
		};
		7FDF601F13DD21BB005F1E2D /* Accounts and Settings */ = {
			isa = PBXGroup;
			children = (
				7F709D4513BC98860008DBAD /* AccountsViewController.h */,
				7F709D4613BC98860008DBAD /* AccountsViewController.m */,
				7F26689514055D2200FD2CC5 /* AccountsViewController+ButtonActions.h */,
				7F26689614055D2200FD2CC5 /* AccountsViewController+ButtonActions.m */,
				7F709D6113BCB64E0008DBAD /* FieldEditorViewController.h */,
				7F709D6213BCB64F0008DBAD /* FieldEditorViewController.m */,
				7FAEB66413E6D0EE00750788 /* BadgedCell.h */,
				7FAEB66513E6D0EE00750788 /* BadgedCell.m */,
				7FAEB69013E75B7400750788 /* AboutViewController.h */,
				7FAEB69113E75B7400750788 /* AboutViewController.m */,
				7F963B4013E98B8600CA62FD /* AccountStatusView.h */,
				7F963B4113E98B8600CA62FD /* AccountStatusView.m */,
			);
			name = "Accounts and Settings";
			sourceTree = "<group>";
		};
		DA2231A81DB318CF009071A3 /* SAMKeychain */ = {
			isa = PBXGroup;
			children = (
				DA2231A61DB318CC009071A3 /* SAMKeychain.bundle */,
				DA2231A01DB318C7009071A3 /* SAMKeychain.h */,
				DA2231A11DB318C7009071A3 /* SAMKeychain.m */,
				DA2231A21DB318C7009071A3 /* SAMKeychainQuery.h */,
				DA2231A31DB318C7009071A3 /* SAMKeychainQuery.m */,
			);
			name = SAMKeychain;
			sourceTree = "<group>";
		};
		DA49842C1C129F95009BFC8F /* ZIPArchive */ = {
			isa = PBXGroup;
			children = (
				DA49842D1C129F95009BFC8F /* minizip */,
				DA4984371C129F95009BFC8F /* ZIPArchive.h */,
				DA4984381C129F95009BFC8F /* ZIPArchive.mm */,
			);
			name = ZIPArchive;
			path = Vendor/ZIPArchive/ZIPArchive;
			sourceTree = SOURCE_ROOT;
		};
		DA49842D1C129F95009BFC8F /* minizip */ = {
			isa = PBXGroup;
			children = (
				DA49842E1C129F95009BFC8F /* crypt.h */,
				DA49842F1C129F95009BFC8F /* ioapi.c */,
				DA4984301C129F95009BFC8F /* ioapi.h */,
				DA4984311C129F95009BFC8F /* mztools.c */,
				DA4984321C129F95009BFC8F /* mztools.h */,
				DA4984331C129F95009BFC8F /* unzip.c */,
				DA4984341C129F95009BFC8F /* unzip.h */,
				DA4984351C129F95009BFC8F /* zip.c */,
				DA4984361C129F95009BFC8F /* zip.h */,
			);
			path = minizip;
			sourceTree = "<group>";
		};
		DA49843E1C129F9E009BFC8F /* Vendor */ = {
			isa = PBXGroup;
			children = (
				DA7B08C61C135E9500BEAB57 /* FFGlobalAlertController */,
				DA4984421C12A887009BFC8F /* MBProgressHUD */,
				DA2231A81DB318CF009071A3 /* SAMKeychain */,
				DA49842C1C129F95009BFC8F /* ZIPArchive */,
			);
			name = Vendor;
			sourceTree = "<group>";
		};
		DA4984421C12A887009BFC8F /* MBProgressHUD */ = {
			isa = PBXGroup;
			children = (
				DA49843F1C12A884009BFC8F /* MBProgressHUD.h */,
				DA4984401C12A884009BFC8F /* MBProgressHUD.m */,
			);
			name = MBProgressHUD;
			sourceTree = "<group>";
		};
		DA4AC69D1EF86BAF003CAF4D /* Review Filters */ = {
			isa = PBXGroup;
			children = (
				DA4AC6B11EFB1EEA003CAF4D /* Model */,
				DA4AC6B01EFB1EDE003CAF4D /* Cells */,
				DA4AC69A1EF869D8003CAF4D /* ReviewFilterViewController.h */,
				DA4AC69B1EF869D8003CAF4D /* ReviewFilterViewController.m */,
				DA4AC6A71EFAF7A6003CAF4D /* ReviewFilterDetailViewController.h */,
				DA4AC6A81EFAF7A6003CAF4D /* ReviewFilterDetailViewController.m */,
			);
			name = "Review Filters";
			sourceTree = "<group>";
		};
		DA4AC6B01EFB1EDE003CAF4D /* Cells */ = {
			isa = PBXGroup;
			children = (
				DA4AC69E1EF9AB8F003CAF4D /* FilterTableViewCell.h */,
				DA4AC69F1EF9AB8F003CAF4D /* FilterTableViewCell.m */,
				DA4AC6AA1EFB051F003CAF4D /* FilterDetailTableViewCell.h */,
				DA4AC6AB1EFB051F003CAF4D /* FilterDetailTableViewCell.m */,
			);
			name = Cells;
			sourceTree = "<group>";
		};
		DA4AC6B11EFB1EEA003CAF4D /* Model */ = {
			isa = PBXGroup;
			children = (
				DA4AC6A11EF9CBB4003CAF4D /* ReviewFilter.h */,
				DA4AC6A21EF9CBB4003CAF4D /* ReviewFilter.m */,
				DA4AC6A41EFAD348003CAF4D /* ReviewFilterOption.h */,
				DA4AC6A51EFAD348003CAF4D /* ReviewFilterOption.m */,
				DAD53A511EFC87630038C925 /* ReviewFilterComparator.h */,
				DAD53A521EFC87630038C925 /* ReviewFilterComparator.m */,
			);
			name = Model;
			sourceTree = "<group>";
		};
		DA4AC6B21EFB1FDD003CAF4D /* Cells */ = {
			isa = PBXGroup;
			children = (
				DAD53A561EFCF6ED0038C925 /* ReviewListHeaderView.h */,
				DAD53A571EFCF6ED0038C925 /* ReviewListHeaderView.m */,
				DA7D58F21C234D9700A3EA12 /* ReviewCell.h */,
				DA7D58F31C234D9700A3EA12 /* ReviewCell.m */,
				DA4AC6971EF7A1E2003CAF4D /* StarRatingView.h */,
				DA4AC6981EF7A1E2003CAF4D /* StarRatingView.m */,
			);
			name = Cells;
			sourceTree = "<group>";
		};
		DA4AC6B31EFB1FEF003CAF4D /* Review List */ = {
			isa = PBXGroup;
			children = (
				DA4AC6B21EFB1FDD003CAF4D /* Cells */,
				DA4AC69D1EF86BAF003CAF4D /* Review Filters */,
				7FA2C58213E0370B00BA9875 /* ReviewListViewController.h */,
				7FA2C58313E0370B00BA9875 /* ReviewListViewController.m */,
			);
			name = "Review List";
			sourceTree = "<group>";
		};
		DA7B08C61C135E9500BEAB57 /* FFGlobalAlertController */ = {
			isa = PBXGroup;
			children = (
				DA7B08C71C135EA300BEAB57 /* UIAlertController+Window.h */,
				DA7B08C81C135EA300BEAB57 /* UIAlertController+Window.m */,
			);
			name = FFGlobalAlertController;
			sourceTree = "<group>";
		};
		DA9DB1B71C0FEC4C007B0178 /* Login Manager */ = {
			isa = PBXGroup;
			children = (
				DA9DB1B11C0FEC48007B0178 /* LoginManager.h */,
				DA9DB1B21C0FEC48007B0178 /* LoginManager.m */,
				DA9DB1B31C0FEC48007B0178 /* SecurityCodeInputController.h */,
				DA9DB1B41C0FEC48007B0178 /* SecurityCodeInputController.m */,
			);
			name = "Login Manager";
			sourceTree = "<group>";
		};
/* End PBXGroup section */

/* Begin PBXNativeTarget section */
		7F709D2613BC98860008DBAD /* AppSales */ = {
			isa = PBXNativeTarget;
			buildConfigurationList = 7F709D4D13BC98860008DBAD /* Build configuration list for PBXNativeTarget "AppSales" */;
			buildPhases = (
				7F709D2313BC98860008DBAD /* Sources */,
				7F709D2413BC98860008DBAD /* Frameworks */,
				7F709D2513BC98860008DBAD /* Resources */,
			);
			buildRules = (
			);
			dependencies = (
			);
			name = AppSales;
			productName = AppSales;
			productReference = 7F709D2713BC98860008DBAD /* AppSalesMobile.app */;
			productType = "com.apple.product-type.application";
		};
/* End PBXNativeTarget section */

/* Begin PBXProject section */
		7F709D1E13BC98860008DBAD /* Project object */ = {
			isa = PBXProject;
			attributes = {
				LastUpgradeCheck = 0910;
				ORGANIZATIONNAME = "omz:software";
				TargetAttributes = {
					7F709D2613BC98860008DBAD = {
						CreatedOnToolsVersion = 7.1;
					};
				};
			};
			buildConfigurationList = 7F709D2113BC98860008DBAD /* Build configuration list for PBXProject "AppSales" */;
			compatibilityVersion = "Xcode 3.2";
			developmentRegion = en;
			hasScannedForEncodings = 0;
			knownRegions = (
				en,
				Base,
			);
			mainGroup = 7F709D1C13BC98860008DBAD;
			productRefGroup = 7F709D2813BC98860008DBAD /* Products */;
			projectDirPath = "";
			projectRoot = "";
			targets = (
				7F709D2613BC98860008DBAD /* AppSales */,
			);
		};
/* End PBXProject section */

/* Begin PBXResourcesBuildPhase section */
		7F709D2513BC98860008DBAD /* Resources */ = {
			isa = PBXResourcesBuildPhase;
			buildActionMask = 2147483647;
			files = (
				7F0BF5DA13D3317D0063A6B0 /* ShadowTop.png in Resources */,
				7F0BF5DB13D3317D0063A6B0 /* ShadowBottom.png in Resources */,
				7FDF6E8113D8962500B8CC4E /* countries.plist in Resources */,
				DAD39BA71EEC9B3100CB3524 /* passcode_square_filled@3x.png in Resources */,
				7FDF6E8313D89B1000B8CC4E /* countries_simple.plist in Resources */,
				DA9DB1B91C101FB2007B0178 /* LaunchScreen.storyboard in Resources */,
				DA2995CD1C120E4C0009D4F1 /* Icon216.png in Resources */,
				62E09F1B19E693F3002917FE /* Images.xcassets in Resources */,
				7FAB533413DD0F9A0027274F /* country_names.plist in Resources */,
				DAD39BA51EEC9B2D00CB3524 /* passcode_square_empty@3x.png in Resources */,
				DA2231A71DB318CC009071A3 /* SAMKeychain.bundle in Resources */,
				DA7B08E11C154CFB00BEAB57 /* FlagKit.xcassets in Resources */,
				7F89BCE313DFB4F1001C607F /* stores.plist in Resources */,
				7F26DF9413E1358B001D0F33 /* ReviewTemplate.html in Resources */,
				45C2B2232460296200C84374 /* csv.css in Resources */,
				7FAEB68F13E75B0000750788 /* About.html in Resources */,
				6D81576514CB44BE005E8F3F /* passcode_square_empty.png in Resources */,
				6D81576614CB44BE005E8F3F /* passcode_square_empty@2x.png in Resources */,
				6D81576714CB44BE005E8F3F /* passcode_square_filled.png in Resources */,
				6D81576814CB44BE005E8F3F /* passcode_square_filled@2x.png in Resources */,
			);
			runOnlyForDeploymentPostprocessing = 0;
		};
/* End PBXResourcesBuildPhase section */

/* Begin PBXSourcesBuildPhase section */
		7F709D2313BC98860008DBAD /* Sources */ = {
			isa = PBXSourcesBuildPhase;
			buildActionMask = 2147483647;
			files = (
				7F709D3A13BC98860008DBAD /* main.m in Sources */,
				7F709D3E13BC98860008DBAD /* AppSalesAppDelegate.m in Sources */,
				DAFC5F961C16C07100261B16 /* Version.m in Sources */,
				DA8C71F31E00E4A100F7490B /* ReporterParser.m in Sources */,
				7F709D4113BC98860008DBAD /* AppSales.xcdatamodeld in Sources */,
				7F709D4713BC98860008DBAD /* AccountsViewController.m in Sources */,
				7F709D6713BCB6500008DBAD /* FieldEditorViewController.m in Sources */,
				DAD53A581EFCF6ED0038C925 /* ReviewListHeaderView.m in Sources */,
				7F709D8C13BD03D40008DBAD /* SalesViewController.m in Sources */,
				DA4984411C12A884009BFC8F /* MBProgressHUD.m in Sources */,
				7F709D8F13BD064E0008DBAD /* ASAccount.m in Sources */,
				7F1499CA13BE15F500D89064 /* NSData+Compression.m in Sources */,
				7F1499D013BE311600D89064 /* ReportDownloadOperation.m in Sources */,
				DA9DB1B61C0FEC48007B0178 /* SecurityCodeInputController.m in Sources */,
				DA49843B1C129F95009BFC8F /* unzip.c in Sources */,
				7F1499E113BE544F00D89064 /* ReportDownloadCoordinator.m in Sources */,
				DA4AC6A31EF9CBB4003CAF4D /* ReviewFilter.m in Sources */,
				7F06B6BF13BF73C8004DB170 /* Report.m in Sources */,
				4509175A23D030130028AF83 /* DarkModeCheck.m in Sources */,
				7F1B14F313C51ACA00243AA3 /* CurrencyManager.m in Sources */,
				7F1B153713C8029700243AA3 /* ReportImportOperation.m in Sources */,
				7F6BC9AB13CB64DB00286A1E /* GraphView.m in Sources */,
				7FD2C1E113CDCB3C002868C7 /* WeeklyReport.m in Sources */,
				7FD2C1E513CDCB3D002868C7 /* DailyReport.m in Sources */,
				7F454F9113D5A56A00AE47D1 /* DashboardAppCell.m in Sources */,
				7F454F9413D5B64F00AE47D1 /* ColorButton.m in Sources */,
				7F454F9A13D5B97100AE47D1 /* Product.m in Sources */,
				7F454F9D13D5C19D00AE47D1 /* CrayonColorPickerViewController.m in Sources */,
				7F454FA013D5C25000AE47D1 /* UIColor+Extensions.m in Sources */,
				DA2231A41DB318C7009071A3 /* SAMKeychain.m in Sources */,
				DA4984471C12C85F009BFC8F /* UIViewController+Orientation.m in Sources */,
				7F454FAE13D6496900AE47D1 /* IconManager.m in Sources */,
				7F2946EE13D880260023F530 /* ReportDetailViewController.m in Sources */,
				7F2946F113D8806F0023F530 /* MapView.m in Sources */,
				7FDF727513D8E64D00B8CC4E /* ReportCSVViewController.m in Sources */,
				DAD53A531EFC87630038C925 /* ReviewFilterComparator.m in Sources */,
				7FDF727D13DAAF2900B8CC4E /* ReportCollection.m in Sources */,
				DA2231A51DB318C7009071A3 /* SAMKeychainQuery.m in Sources */,
				DA4AC6A91EFAF7A6003CAF4D /* ReviewFilterDetailViewController.m in Sources */,
				7FD4ECDC13DAFF120054FE6D /* AppleFiscalCalendar.m in Sources */,
				AEF5636A2531C9670012548E /* PaymentDetailsViewController.m in Sources */,
				DA4AC6991EF7A1E2003CAF4D /* StarRatingView.m in Sources */,
				7FAB532C13DCFA7E0027274F /* AppIconView.m in Sources */,
				7F4065CA13DD379B006148AA /* ReportDetailEntryCell.m in Sources */,
				7F137EB313DDDABF004655D8 /* CountryDictionary.m in Sources */,
				7F398ED213DF21F2004BEC44 /* Transaction.m in Sources */,
				7F398ED513DF570E004BEC44 /* ReportDetailEntry.m in Sources */,
				DA4AC6BC1EFB9E2C003CAF4D /* StatusToolbar.m in Sources */,
				7FA2C58413E0370B00BA9875 /* ReviewListViewController.m in Sources */,
				7F26DF9113E13319001D0F33 /* ReviewDetailViewController.m in Sources */,
				DA3DF5FF1EF1D92900CBEF87 /* DeveloperResponse.m in Sources */,
				DA4AC6A01EF9AB8F003CAF4D /* FilterTableViewCell.m in Sources */,
				7F24E70713E40A0D0056EA97 /* DashboardViewController.m in Sources */,
				DA4984391C129F95009BFC8F /* ioapi.c in Sources */,
				DAFC5F931C16BFAD00261B16 /* Review.m in Sources */,
				DA7D58F41C234D9700A3EA12 /* ReviewCell.m in Sources */,
				7F7F4A3F13E50A52006C6651 /* PaymentsViewController.m in Sources */,
				7F7F4A4213E51A99006C6651 /* YearView.m in Sources */,
				7FAEB66613E6D0EE00750788 /* BadgedCell.m in Sources */,
				7FAEB67113E6D3AC00750788 /* UIImage+Tinting.m in Sources */,
				7FAEB69213E75B7400750788 /* AboutViewController.m in Sources */,
				7F963B4213E98B8600CA62FD /* AccountStatusView.m in Sources */,
				7F7F1D0C13F6442C00F18143 /* PromoCodesViewController.m in Sources */,
				7F7F1D0F13F6455A00F18143 /* PromoCodesAppViewController.m in Sources */,
				7FA3EA9913F76E3500C80C07 /* DownloadStepOperation.m in Sources */,
				DA49843C1C129F95009BFC8F /* zip.c in Sources */,
				DA4AC6AC1EFB051F003CAF4D /* FilterDetailTableViewCell.m in Sources */,
				DA4AC6B61EFB54D6003CAF4D /* ReviewDownloadOperation.m in Sources */,
				7FA3EA9D13F77DF000C80C07 /* MultiOperation.m in Sources */,
				7F0B8A6913F77F95006E9151 /* PromoCodeOperation.m in Sources */,
				DAF2D89D203B5F8100F3C0CF /* ASProgressHUD.m in Sources */,
				7F0B8A6E13F7B941006E9151 /* PromoCode.m in Sources */,
				DA49843D1C129F95009BFC8F /* ZIPArchive.mm in Sources */,
				DAFC5F801C16B29D00261B16 /* ReviewsViewController.m in Sources */,
				DA4AC6A61EFAD348003CAF4D /* ReviewFilterOption.m in Sources */,
				DA4AC69C1EF869D8003CAF4D /* ReviewFilterViewController.m in Sources */,
				7F0B8A7313F7E647006E9151 /* PromoCodesLicenseViewController.m in Sources */,
				7F26689714055D2200FD2CC5 /* AccountsViewController+ButtonActions.m in Sources */,
				DA9DB1B51C0FEC48007B0178 /* LoginManager.m in Sources */,
				6D81575414CB3C2B005E8F3F /* KKKeychain.m in Sources */,
				6D81575514CB3C2B005E8F3F /* KKPasscodeLock.m in Sources */,
				DA4AC6B91EFB5AAD003CAF4D /* ReviewDownloadCoordinator.m in Sources */,
				6D81575614CB3C2B005E8F3F /* KKPasscodeSettingsViewController.m in Sources */,
				6D81575714CB3C2B005E8F3F /* KKPasscodeViewController.m in Sources */,
				DA7B08C91C135EA300BEAB57 /* UIAlertController+Window.m in Sources */,
				DA49843A1C129F95009BFC8F /* mztools.c in Sources */,
			);
			runOnlyForDeploymentPostprocessing = 0;
		};
/* End PBXSourcesBuildPhase section */

/* Begin XCBuildConfiguration section */
		7F709D4B13BC98860008DBAD /* Debug */ = {
			isa = XCBuildConfiguration;
			buildSettings = {
				ALWAYS_SEARCH_USER_PATHS = NO;
				CLANG_ENABLE_MODULES = YES;
				CLANG_WARN_BLOCK_CAPTURE_AUTORELEASING = YES;
				CLANG_WARN_BOOL_CONVERSION = YES;
				CLANG_WARN_COMMA = YES;
				CLANG_WARN_CONSTANT_CONVERSION = YES;
				CLANG_WARN_EMPTY_BODY = YES;
				CLANG_WARN_ENUM_CONVERSION = YES;
				CLANG_WARN_INFINITE_RECURSION = YES;
				CLANG_WARN_INT_CONVERSION = YES;
				CLANG_WARN_NON_LITERAL_NULL_CONVERSION = YES;
				CLANG_WARN_OBJC_LITERAL_CONVERSION = YES;
				CLANG_WARN_RANGE_LOOP_ANALYSIS = YES;
				CLANG_WARN_STRICT_PROTOTYPES = YES;
				CLANG_WARN_SUSPICIOUS_MOVE = YES;
				CLANG_WARN_UNREACHABLE_CODE = YES;
				CLANG_WARN__DUPLICATE_METHOD_MATCH = YES;
				"CODE_SIGN_IDENTITY[sdk=iphoneos*]" = "iPhone Developer";
				COPY_PHASE_STRIP = NO;
				ENABLE_STRICT_OBJC_MSGSEND = YES;
				ENABLE_TESTABILITY = YES;
				GCC_C_LANGUAGE_STANDARD = gnu99;
				GCC_DYNAMIC_NO_PIC = NO;
				GCC_NO_COMMON_BLOCKS = YES;
				GCC_OPTIMIZATION_LEVEL = 0;
				GCC_PREPROCESSOR_DEFINITIONS = (
					"DEBUG=1",
					"$(inherited)",
				);
				GCC_SYMBOLS_PRIVATE_EXTERN = NO;
				GCC_VERSION = "";
				GCC_WARN_64_TO_32_BIT_CONVERSION = YES;
				GCC_WARN_ABOUT_MISSING_PROTOTYPES = YES;
				GCC_WARN_ABOUT_RETURN_TYPE = YES;
				GCC_WARN_UNDECLARED_SELECTOR = YES;
				GCC_WARN_UNINITIALIZED_AUTOS = YES;
				GCC_WARN_UNUSED_FUNCTION = YES;
				GCC_WARN_UNUSED_VARIABLE = YES;
				IPHONEOS_DEPLOYMENT_TARGET = 8.2;
				ONLY_ACTIVE_ARCH = YES;
				OTHER_LDFLAGS = "-licucore";
				SDKROOT = iphoneos;
				VALID_ARCHS = armv7;
			};
			name = Debug;
		};
		7F709D4C13BC98860008DBAD /* Release */ = {
			isa = XCBuildConfiguration;
			buildSettings = {
				ALWAYS_SEARCH_USER_PATHS = NO;
				CLANG_ENABLE_MODULES = YES;
				CLANG_WARN_BLOCK_CAPTURE_AUTORELEASING = YES;
				CLANG_WARN_BOOL_CONVERSION = YES;
				CLANG_WARN_COMMA = YES;
				CLANG_WARN_CONSTANT_CONVERSION = YES;
				CLANG_WARN_EMPTY_BODY = YES;
				CLANG_WARN_ENUM_CONVERSION = YES;
				CLANG_WARN_INFINITE_RECURSION = YES;
				CLANG_WARN_INT_CONVERSION = YES;
				CLANG_WARN_NON_LITERAL_NULL_CONVERSION = YES;
				CLANG_WARN_OBJC_LITERAL_CONVERSION = YES;
				CLANG_WARN_RANGE_LOOP_ANALYSIS = YES;
				CLANG_WARN_STRICT_PROTOTYPES = YES;
				CLANG_WARN_SUSPICIOUS_MOVE = YES;
				CLANG_WARN_UNREACHABLE_CODE = YES;
				CLANG_WARN__DUPLICATE_METHOD_MATCH = YES;
				"CODE_SIGN_IDENTITY[sdk=iphoneos*]" = "iPhone Developer";
				COPY_PHASE_STRIP = YES;
				ENABLE_STRICT_OBJC_MSGSEND = YES;
				GCC_C_LANGUAGE_STANDARD = gnu99;
				GCC_NO_COMMON_BLOCKS = YES;
				GCC_VERSION = "";
				GCC_WARN_64_TO_32_BIT_CONVERSION = YES;
				GCC_WARN_ABOUT_MISSING_PROTOTYPES = YES;
				GCC_WARN_ABOUT_RETURN_TYPE = YES;
				GCC_WARN_UNDECLARED_SELECTOR = YES;
				GCC_WARN_UNINITIALIZED_AUTOS = YES;
				GCC_WARN_UNUSED_FUNCTION = YES;
				GCC_WARN_UNUSED_VARIABLE = YES;
				IPHONEOS_DEPLOYMENT_TARGET = 8.2;
				OTHER_CFLAGS = "-DNS_BLOCK_ASSERTIONS=1";
				OTHER_LDFLAGS = "-licucore";
				SDKROOT = iphoneos;
				VALIDATE_PRODUCT = YES;
				VALID_ARCHS = armv7;
			};
			name = Release;
		};
		7F709D4E13BC98860008DBAD /* Debug */ = {
			isa = XCBuildConfiguration;
			buildSettings = {
				ASSETCATALOG_COMPILER_APPICON_NAME = AppIcon;
				ASSETCATALOG_COMPILER_LAUNCHIMAGE_NAME = LaunchImage;
				CLANG_ENABLE_OBJC_ARC = YES;
				GCC_PRECOMPILE_PREFIX_HEADER = YES;
				GCC_PREFIX_HEADER = "OtherSources/AppSales-Prefix.pch";
				HEADER_SEARCH_PATHS = "";
				INFOPLIST_FILE = "Support/AppSales-Info.plist";
				ONLY_ACTIVE_ARCH = NO;
				PRODUCT_BUNDLE_IDENTIFIER = "de.omzsoftware.${PRODUCT_NAME:identifier}";
				PRODUCT_NAME = AppSalesMobile;
				SDKROOT = iphoneos;
				TARGETED_DEVICE_FAMILY = "1,2";
				VALID_ARCHS = "armv7 arm64 armv7s";
				WRAPPER_EXTENSION = app;
			};
			name = Debug;
		};
		7F709D4F13BC98860008DBAD /* Release */ = {
			isa = XCBuildConfiguration;
			buildSettings = {
				ASSETCATALOG_COMPILER_APPICON_NAME = AppIcon;
				ASSETCATALOG_COMPILER_LAUNCHIMAGE_NAME = LaunchImage;
				CLANG_ENABLE_OBJC_ARC = YES;
				GCC_PRECOMPILE_PREFIX_HEADER = YES;
				GCC_PREFIX_HEADER = "OtherSources/AppSales-Prefix.pch";
				HEADER_SEARCH_PATHS = "";
				INFOPLIST_FILE = "Support/AppSales-Info.plist";
				PRODUCT_BUNDLE_IDENTIFIER = "de.omzsoftware.${PRODUCT_NAME:identifier}";
				PRODUCT_NAME = AppSalesMobile;
				SDKROOT = iphoneos;
				TARGETED_DEVICE_FAMILY = "1,2";
				VALID_ARCHS = "armv7 arm64 armv7s";
				WRAPPER_EXTENSION = app;
			};
			name = Release;
		};
/* End XCBuildConfiguration section */

/* Begin XCConfigurationList section */
		7F709D2113BC98860008DBAD /* Build configuration list for PBXProject "AppSales" */ = {
			isa = XCConfigurationList;
			buildConfigurations = (
				7F709D4B13BC98860008DBAD /* Debug */,
				7F709D4C13BC98860008DBAD /* Release */,
			);
			defaultConfigurationIsVisible = 0;
			defaultConfigurationName = Release;
		};
		7F709D4D13BC98860008DBAD /* Build configuration list for PBXNativeTarget "AppSales" */ = {
			isa = XCConfigurationList;
			buildConfigurations = (
				7F709D4E13BC98860008DBAD /* Debug */,
				7F709D4F13BC98860008DBAD /* Release */,
			);
			defaultConfigurationIsVisible = 0;
			defaultConfigurationName = Release;
		};
/* End XCConfigurationList section */

/* Begin XCVersionGroup section */
		7F709D3F13BC98860008DBAD /* AppSales.xcdatamodeld */ = {
			isa = XCVersionGroup;
			children = (
				DA1BC9E62456123100A36B92 /* AppSales 7.xcdatamodel */,
				DA3DF5F01EF1D6CA00CBEF87 /* AppSales 6.xcdatamodel */,
				AE778A141E2EB6F200DAA6B7 /* AppSales 5.xcdatamodel */,
				DAFC5F841C16B89F00261B16 /* AppSales 4.xcdatamodel */,
				7F2668931405211E00FD2CC5 /* AppSales 3.xcdatamodel */,
				7F0B8A6B13F7B776006E9151 /* AppSales 2.xcdatamodel */,
				7F709D4013BC98860008DBAD /* AppSales.xcdatamodel */,
			);
			currentVersion = DA1BC9E62456123100A36B92 /* AppSales 7.xcdatamodel */;
			path = AppSales.xcdatamodeld;
			sourceTree = "<group>";
			versionGroupType = wrapper.xcdatamodel;
		};
/* End XCVersionGroup section */
	};
	rootObject = 7F709D1E13BC98860008DBAD /* Project object */;
}
